// !$*UTF8*$!
{
	archiveVersion = 1;
	classes = {
	};
	objectVersion = 46;
	objects = {

/* Begin PBXBuildFile section */
		5E00195B1A498414002ED961 /* NGRValidator.m in Sources */ = {isa = PBXBuildFile; fileRef = 5E00195A1A498414002ED961 /* NGRValidator.m */; };
		5E00195F1A49842B002ED961 /* NGRPropertyValidator.m in Sources */ = {isa = PBXBuildFile; fileRef = 5E00195E1A49842B002ED961 /* NGRPropertyValidator.m */; };
		5E0019651A4984DA002ED961 /* NGRPropertyValidator+NSObject.m in Sources */ = {isa = PBXBuildFile; fileRef = 5E0019641A4984DA002ED961 /* NGRPropertyValidator+NSObject.m */; };
		5E0019681A4984E7002ED961 /* NGRPropertyValidator+NSString.m in Sources */ = {isa = PBXBuildFile; fileRef = 5E0019671A4984E7002ED961 /* NGRPropertyValidator+NSString.m */; };
		5E00196B1A4984F4002ED961 /* NGRPropertyValidator+NSNumber.m in Sources */ = {isa = PBXBuildFile; fileRef = 5E00196A1A4984F4002ED961 /* NGRPropertyValidator+NSNumber.m */; };
		5E00196E1A498502002ED961 /* NGRPropertyValidator+Syntax.m in Sources */ = {isa = PBXBuildFile; fileRef = 5E00196D1A498502002ED961 /* NGRPropertyValidator+Syntax.m */; };
		5E0019711A49851B002ED961 /* NSObject+NGRRuntime.m in Sources */ = {isa = PBXBuildFile; fileRef = 5E0019701A49851B002ED961 /* NSObject+NGRRuntime.m */; };
		5E0019741A498531002ED961 /* NSArray+NGRValidator.m in Sources */ = {isa = PBXBuildFile; fileRef = 5E0019731A498531002ED961 /* NSArray+NGRValidator.m */; };
		5E0019771A498542002ED961 /* NSString+NGRValidator.m in Sources */ = {isa = PBXBuildFile; fileRef = 5E0019761A498542002ED961 /* NSString+NGRValidator.m */; };
		5E0019791A498A01002ED961 /* NGRValidatorSpec.m in Sources */ = {isa = PBXBuildFile; fileRef = 5E0019781A498A01002ED961 /* NGRValidatorSpec.m */; };
		5E00197B1A498A0F002ED961 /* NGRPropertyValidatorSpec.m in Sources */ = {isa = PBXBuildFile; fileRef = 5E00197A1A498A0F002ED961 /* NGRPropertyValidatorSpec.m */; };
		5E0019811A499B5F002ED961 /* NSDate+NGRValidator.m in Sources */ = {isa = PBXBuildFile; fileRef = 5E0019801A499B5F002ED961 /* NSDate+NGRValidator.m */; };
		5E0019871A49A82C002ED961 /* NGRPropertyValidator+NSDate.m in Sources */ = {isa = PBXBuildFile; fileRef = 5E0019861A49A82C002ED961 /* NGRPropertyValidator+NSDate.m */; };
		5E5C09F51A498164002D3E72 /* main.m in Sources */ = {isa = PBXBuildFile; fileRef = 5E5C09F41A498164002D3E72 /* main.m */; };
		5E5C09F81A498164002D3E72 /* AppDelegate.m in Sources */ = {isa = PBXBuildFile; fileRef = 5E5C09F71A498164002D3E72 /* AppDelegate.m */; };
		5E5C09FB1A498164002D3E72 /* ViewController.m in Sources */ = {isa = PBXBuildFile; fileRef = 5E5C09FA1A498164002D3E72 /* ViewController.m */; };
		5E5C09FE1A498164002D3E72 /* Main.storyboard in Resources */ = {isa = PBXBuildFile; fileRef = 5E5C09FC1A498164002D3E72 /* Main.storyboard */; };
		5E5C0A001A498164002D3E72 /* Images.xcassets in Resources */ = {isa = PBXBuildFile; fileRef = 5E5C09FF1A498164002D3E72 /* Images.xcassets */; };
		5E5C0A031A498164002D3E72 /* LaunchScreen.xib in Resources */ = {isa = PBXBuildFile; fileRef = 5E5C0A011A498164002D3E72 /* LaunchScreen.xib */; };
		5EAD46F41A5178B400D4044A /* CalendarEvent.m in Sources */ = {isa = PBXBuildFile; fileRef = 5EAD46F31A5178B400D4044A /* CalendarEvent.m */; };
		DE7F815529AF01B08397162D /* libPods-NGRValidatorTests.a in Frameworks */ = {isa = PBXBuildFile; fileRef = 694413942B9120CB278F6871 /* libPods-NGRValidatorTests.a */; };
/* End PBXBuildFile section */

/* Begin PBXContainerItemProxy section */
		5E5C0A091A498164002D3E72 /* PBXContainerItemProxy */ = {
			isa = PBXContainerItemProxy;
			containerPortal = 5E5C09E71A498164002D3E72 /* Project object */;
			proxyType = 1;
			remoteGlobalIDString = 5E5C09EE1A498164002D3E72;
			remoteInfo = NGRValidator;
		};
/* End PBXContainerItemProxy section */

/* Begin PBXFileReference section */
		5E0019591A498414002ED961 /* NGRValidator.h */ = {isa = PBXFileReference; fileEncoding = 4; lastKnownFileType = sourcecode.c.h; name = NGRValidator.h; path = NGRValidator/NGRValidator.h; sourceTree = "<group>"; };
		5E00195A1A498414002ED961 /* NGRValidator.m */ = {isa = PBXFileReference; fileEncoding = 4; lastKnownFileType = sourcecode.c.objc; name = NGRValidator.m; path = NGRValidator/NGRValidator.m; sourceTree = "<group>"; };
		5E00195D1A49842B002ED961 /* NGRPropertyValidator.h */ = {isa = PBXFileReference; fileEncoding = 4; lastKnownFileType = sourcecode.c.h; name = NGRPropertyValidator.h; path = NGRValidator/NGRPropertyValidator.h; sourceTree = "<group>"; };
		5E00195E1A49842B002ED961 /* NGRPropertyValidator.m */ = {isa = PBXFileReference; fileEncoding = 4; lastKnownFileType = sourcecode.c.objc; name = NGRPropertyValidator.m; path = NGRValidator/NGRPropertyValidator.m; sourceTree = "<group>"; };
		5E0019601A49843C002ED961 /* NGRErrors.h */ = {isa = PBXFileReference; fileEncoding = 4; lastKnownFileType = sourcecode.c.h; name = NGRErrors.h; path = NGRValidator/NGRErrors.h; sourceTree = "<group>"; };
		5E0019631A4984DA002ED961 /* NGRPropertyValidator+NSObject.h */ = {isa = PBXFileReference; fileEncoding = 4; lastKnownFileType = sourcecode.c.h; name = "NGRPropertyValidator+NSObject.h"; path = "NGRValidator/Extensions/NGRPropertyValidator+NSObject.h"; sourceTree = "<group>"; };
		5E0019641A4984DA002ED961 /* NGRPropertyValidator+NSObject.m */ = {isa = PBXFileReference; fileEncoding = 4; lastKnownFileType = sourcecode.c.objc; name = "NGRPropertyValidator+NSObject.m"; path = "NGRValidator/Extensions/NGRPropertyValidator+NSObject.m"; sourceTree = "<group>"; };
		5E0019661A4984E7002ED961 /* NGRPropertyValidator+NSString.h */ = {isa = PBXFileReference; fileEncoding = 4; lastKnownFileType = sourcecode.c.h; name = "NGRPropertyValidator+NSString.h"; path = "NGRValidator/Extensions/NGRPropertyValidator+NSString.h"; sourceTree = "<group>"; };
		5E0019671A4984E7002ED961 /* NGRPropertyValidator+NSString.m */ = {isa = PBXFileReference; fileEncoding = 4; lastKnownFileType = sourcecode.c.objc; name = "NGRPropertyValidator+NSString.m"; path = "NGRValidator/Extensions/NGRPropertyValidator+NSString.m"; sourceTree = "<group>"; };
		5E0019691A4984F4002ED961 /* NGRPropertyValidator+NSNumber.h */ = {isa = PBXFileReference; fileEncoding = 4; lastKnownFileType = sourcecode.c.h; name = "NGRPropertyValidator+NSNumber.h"; path = "NGRValidator/Extensions/NGRPropertyValidator+NSNumber.h"; sourceTree = "<group>"; };
		5E00196A1A4984F4002ED961 /* NGRPropertyValidator+NSNumber.m */ = {isa = PBXFileReference; fileEncoding = 4; lastKnownFileType = sourcecode.c.objc; name = "NGRPropertyValidator+NSNumber.m"; path = "NGRValidator/Extensions/NGRPropertyValidator+NSNumber.m"; sourceTree = "<group>"; };
		5E00196C1A498502002ED961 /* NGRPropertyValidator+Syntax.h */ = {isa = PBXFileReference; fileEncoding = 4; lastKnownFileType = sourcecode.c.h; name = "NGRPropertyValidator+Syntax.h"; path = "NGRValidator/Extensions/NGRPropertyValidator+Syntax.h"; sourceTree = "<group>"; };
		5E00196D1A498502002ED961 /* NGRPropertyValidator+Syntax.m */ = {isa = PBXFileReference; fileEncoding = 4; lastKnownFileType = sourcecode.c.objc; name = "NGRPropertyValidator+Syntax.m"; path = "NGRValidator/Extensions/NGRPropertyValidator+Syntax.m"; sourceTree = "<group>"; };
		5E00196F1A49851B002ED961 /* NSObject+NGRRuntime.h */ = {isa = PBXFileReference; fileEncoding = 4; lastKnownFileType = sourcecode.c.h; name = "NSObject+NGRRuntime.h"; path = "NGRValidator/Categories/NSObject+NGRRuntime.h"; sourceTree = "<group>"; };
		5E0019701A49851B002ED961 /* NSObject+NGRRuntime.m */ = {isa = PBXFileReference; fileEncoding = 4; lastKnownFileType = sourcecode.c.objc; name = "NSObject+NGRRuntime.m"; path = "NGRValidator/Categories/NSObject+NGRRuntime.m"; sourceTree = "<group>"; };
		5E0019721A498531002ED961 /* NSArray+NGRValidator.h */ = {isa = PBXFileReference; fileEncoding = 4; lastKnownFileType = sourcecode.c.h; name = "NSArray+NGRValidator.h"; path = "NGRValidator/Categories/NSArray+NGRValidator.h"; sourceTree = "<group>"; };
		5E0019731A498531002ED961 /* NSArray+NGRValidator.m */ = {isa = PBXFileReference; fileEncoding = 4; lastKnownFileType = sourcecode.c.objc; name = "NSArray+NGRValidator.m"; path = "NGRValidator/Categories/NSArray+NGRValidator.m"; sourceTree = "<group>"; };
		5E0019751A498542002ED961 /* NSString+NGRValidator.h */ = {isa = PBXFileReference; fileEncoding = 4; lastKnownFileType = sourcecode.c.h; name = "NSString+NGRValidator.h"; path = "NGRValidator/Categories/NSString+NGRValidator.h"; sourceTree = "<group>"; };
		5E0019761A498542002ED961 /* NSString+NGRValidator.m */ = {isa = PBXFileReference; fileEncoding = 4; lastKnownFileType = sourcecode.c.objc; name = "NSString+NGRValidator.m"; path = "NGRValidator/Categories/NSString+NGRValidator.m"; sourceTree = "<group>"; };
		5E0019781A498A01002ED961 /* NGRValidatorSpec.m */ = {isa = PBXFileReference; fileEncoding = 4; lastKnownFileType = sourcecode.c.objc; path = NGRValidatorSpec.m; sourceTree = "<group>"; };
		5E00197A1A498A0F002ED961 /* NGRPropertyValidatorSpec.m */ = {isa = PBXFileReference; fileEncoding = 4; lastKnownFileType = sourcecode.c.objc; path = NGRPropertyValidatorSpec.m; sourceTree = "<group>"; };
		5E00197F1A499B5F002ED961 /* NSDate+NGRValidator.h */ = {isa = PBXFileReference; fileEncoding = 4; lastKnownFileType = sourcecode.c.h; name = "NSDate+NGRValidator.h"; path = "NGRValidator/Categories/NSDate+NGRValidator.h"; sourceTree = "<group>"; };
		5E0019801A499B5F002ED961 /* NSDate+NGRValidator.m */ = {isa = PBXFileReference; fileEncoding = 4; lastKnownFileType = sourcecode.c.objc; name = "NSDate+NGRValidator.m"; path = "NGRValidator/Categories/NSDate+NGRValidator.m"; sourceTree = "<group>"; };
		5E0019851A49A82C002ED961 /* NGRPropertyValidator+NSDate.h */ = {isa = PBXFileReference; fileEncoding = 4; lastKnownFileType = sourcecode.c.h; name = "NGRPropertyValidator+NSDate.h"; path = "NGRValidator/Extensions/NGRPropertyValidator+NSDate.h"; sourceTree = "<group>"; };
		5E0019861A49A82C002ED961 /* NGRPropertyValidator+NSDate.m */ = {isa = PBXFileReference; fileEncoding = 4; lastKnownFileType = sourcecode.c.objc; name = "NGRPropertyValidator+NSDate.m"; path = "NGRValidator/Extensions/NGRPropertyValidator+NSDate.m"; sourceTree = "<group>"; };
		5E5C09EF1A498164002D3E72 /* NGRValidator.app */ = {isa = PBXFileReference; explicitFileType = wrapper.application; includeInIndex = 0; path = NGRValidator.app; sourceTree = BUILT_PRODUCTS_DIR; };
		5E5C09F31A498164002D3E72 /* Info.plist */ = {isa = PBXFileReference; lastKnownFileType = text.plist.xml; path = Info.plist; sourceTree = "<group>"; };
		5E5C09F41A498164002D3E72 /* main.m */ = {isa = PBXFileReference; lastKnownFileType = sourcecode.c.objc; path = main.m; sourceTree = "<group>"; };
		5E5C09F61A498164002D3E72 /* AppDelegate.h */ = {isa = PBXFileReference; lastKnownFileType = sourcecode.c.h; path = AppDelegate.h; sourceTree = "<group>"; };
		5E5C09F71A498164002D3E72 /* AppDelegate.m */ = {isa = PBXFileReference; lastKnownFileType = sourcecode.c.objc; path = AppDelegate.m; sourceTree = "<group>"; };
		5E5C09F91A498164002D3E72 /* ViewController.h */ = {isa = PBXFileReference; lastKnownFileType = sourcecode.c.h; path = ViewController.h; sourceTree = "<group>"; };
		5E5C09FA1A498164002D3E72 /* ViewController.m */ = {isa = PBXFileReference; lastKnownFileType = sourcecode.c.objc; path = ViewController.m; sourceTree = "<group>"; };
		5E5C09FD1A498164002D3E72 /* Base */ = {isa = PBXFileReference; lastKnownFileType = file.storyboard; name = Base; path = Base.lproj/Main.storyboard; sourceTree = "<group>"; };
		5E5C09FF1A498164002D3E72 /* Images.xcassets */ = {isa = PBXFileReference; lastKnownFileType = folder.assetcatalog; path = Images.xcassets; sourceTree = "<group>"; };
		5E5C0A021A498164002D3E72 /* Base */ = {isa = PBXFileReference; lastKnownFileType = file.xib; name = Base; path = Base.lproj/LaunchScreen.xib; sourceTree = "<group>"; };
		5E5C0A081A498164002D3E72 /* NGRValidatorTests.xctest */ = {isa = PBXFileReference; explicitFileType = wrapper.cfbundle; includeInIndex = 0; path = NGRValidatorTests.xctest; sourceTree = BUILT_PRODUCTS_DIR; };
		5E5C0A0D1A498164002D3E72 /* Info.plist */ = {isa = PBXFileReference; lastKnownFileType = text.plist.xml; path = Info.plist; sourceTree = "<group>"; };
		5EAD46F21A5178B400D4044A /* CalendarEvent.h */ = {isa = PBXFileReference; fileEncoding = 4; lastKnownFileType = sourcecode.c.h; path = CalendarEvent.h; sourceTree = "<group>"; };
		5EAD46F31A5178B400D4044A /* CalendarEvent.m */ = {isa = PBXFileReference; fileEncoding = 4; lastKnownFileType = sourcecode.c.objc; path = CalendarEvent.m; sourceTree = "<group>"; };
		694413942B9120CB278F6871 /* libPods-NGRValidatorTests.a */ = {isa = PBXFileReference; explicitFileType = archive.ar; includeInIndex = 0; path = "libPods-NGRValidatorTests.a"; sourceTree = BUILT_PRODUCTS_DIR; };
		89C529EEA7D2F290421E1F80 /* Pods-NGRValidatorTests.debug.xcconfig */ = {isa = PBXFileReference; includeInIndex = 1; lastKnownFileType = text.xcconfig; name = "Pods-NGRValidatorTests.debug.xcconfig"; path = "Pods/Target Support Files/Pods-NGRValidatorTests/Pods-NGRValidatorTests.debug.xcconfig"; sourceTree = "<group>"; };
		FE66DA67A44D621453582AF9 /* Pods-NGRValidatorTests.release.xcconfig */ = {isa = PBXFileReference; includeInIndex = 1; lastKnownFileType = text.xcconfig; name = "Pods-NGRValidatorTests.release.xcconfig"; path = "Pods/Target Support Files/Pods-NGRValidatorTests/Pods-NGRValidatorTests.release.xcconfig"; sourceTree = "<group>"; };
/* End PBXFileReference section */

/* Begin PBXFrameworksBuildPhase section */
		5E5C09EC1A498164002D3E72 /* Frameworks */ = {
			isa = PBXFrameworksBuildPhase;
			buildActionMask = 2147483647;
			files = (
			);
			runOnlyForDeploymentPostprocessing = 0;
		};
		5E5C0A051A498164002D3E72 /* Frameworks */ = {
			isa = PBXFrameworksBuildPhase;
			buildActionMask = 2147483647;
			files = (
				DE7F815529AF01B08397162D /* libPods-NGRValidatorTests.a in Frameworks */,
			);
			runOnlyForDeploymentPostprocessing = 0;
		};
/* End PBXFrameworksBuildPhase section */

/* Begin PBXGroup section */
		2FE3165896E87102CEE34281 /* Frameworks */ = {
			isa = PBXGroup;
			children = (
				694413942B9120CB278F6871 /* libPods-NGRValidatorTests.a */,
			);
			name = Frameworks;
			sourceTree = "<group>";
		};
		5E0019541A498273002ED961 /* Controllers */ = {
			isa = PBXGroup;
			children = (
				5E5C09F91A498164002D3E72 /* ViewController.h */,
				5E5C09FA1A498164002D3E72 /* ViewController.m */,
			);
			name = Controllers;
			sourceTree = "<group>";
		};
		5E0019551A49827E002ED961 /* Resources */ = {
			isa = PBXGroup;
			children = (
				5E5C09FC1A498164002D3E72 /* Main.storyboard */,
				5E5C09FF1A498164002D3E72 /* Images.xcassets */,
				5E5C0A011A498164002D3E72 /* LaunchScreen.xib */,
			);
			name = Resources;
			sourceTree = "<group>";
		};
		5E00195C1A498418002ED961 /* NGRValidator */ = {
			isa = PBXGroup;
			children = (
				5E0019601A49843C002ED961 /* NGRErrors.h */,
				5E0019591A498414002ED961 /* NGRValidator.h */,
				5E00195A1A498414002ED961 /* NGRValidator.m */,
				5E00195D1A49842B002ED961 /* NGRPropertyValidator.h */,
				5E00195E1A49842B002ED961 /* NGRPropertyValidator.m */,
				5E0019621A49849E002ED961 /* NGRPropertyValidator Extensions */,
				5E0019611A498497002ED961 /* Categories */,
			);
			name = NGRValidator;
			sourceTree = "<group>";
		};
		5E0019611A498497002ED961 /* Categories */ = {
			isa = PBXGroup;
			children = (
				5E00196F1A49851B002ED961 /* NSObject+NGRRuntime.h */,
				5E0019701A49851B002ED961 /* NSObject+NGRRuntime.m */,
				5E0019721A498531002ED961 /* NSArray+NGRValidator.h */,
				5E0019731A498531002ED961 /* NSArray+NGRValidator.m */,
				5E0019751A498542002ED961 /* NSString+NGRValidator.h */,
				5E0019761A498542002ED961 /* NSString+NGRValidator.m */,
				5E00197F1A499B5F002ED961 /* NSDate+NGRValidator.h */,
				5E0019801A499B5F002ED961 /* NSDate+NGRValidator.m */,
			);
			name = Categories;
			sourceTree = "<group>";
		};
		5E0019621A49849E002ED961 /* NGRPropertyValidator Extensions */ = {
			isa = PBXGroup;
			children = (
				5E0019631A4984DA002ED961 /* NGRPropertyValidator+NSObject.h */,
				5E0019641A4984DA002ED961 /* NGRPropertyValidator+NSObject.m */,
				5E0019661A4984E7002ED961 /* NGRPropertyValidator+NSString.h */,
				5E0019671A4984E7002ED961 /* NGRPropertyValidator+NSString.m */,
				5E0019691A4984F4002ED961 /* NGRPropertyValidator+NSNumber.h */,
				5E00196A1A4984F4002ED961 /* NGRPropertyValidator+NSNumber.m */,
				5E00196C1A498502002ED961 /* NGRPropertyValidator+Syntax.h */,
				5E00196D1A498502002ED961 /* NGRPropertyValidator+Syntax.m */,
				5E0019851A49A82C002ED961 /* NGRPropertyValidator+NSDate.h */,
				5E0019861A49A82C002ED961 /* NGRPropertyValidator+NSDate.m */,
			);
			name = "NGRPropertyValidator Extensions";
			sourceTree = "<group>";
		};
		5E5C09E61A498164002D3E72 = {
			isa = PBXGroup;
			children = (
				5E5C09F11A498164002D3E72 /* NGRValidator */,
				5E5C0A0B1A498164002D3E72 /* NGRValidatorTests */,
				5E5C09F01A498164002D3E72 /* Products */,
				A6EA48BCBDCAB0C2609537C8 /* Pods */,
				2FE3165896E87102CEE34281 /* Frameworks */,
			);
			sourceTree = "<group>";
		};
		5E5C09F01A498164002D3E72 /* Products */ = {
			isa = PBXGroup;
			children = (
				5E5C09EF1A498164002D3E72 /* NGRValidator.app */,
				5E5C0A081A498164002D3E72 /* NGRValidatorTests.xctest */,
			);
			name = Products;
			sourceTree = "<group>";
		};
		5E5C09F11A498164002D3E72 /* NGRValidator */ = {
			isa = PBXGroup;
			children = (
				5E5C09F61A498164002D3E72 /* AppDelegate.h */,
				5E5C09F71A498164002D3E72 /* AppDelegate.m */,
				5EAD46F21A5178B400D4044A /* CalendarEvent.h */,
				5EAD46F31A5178B400D4044A /* CalendarEvent.m */,
				5E00195C1A498418002ED961 /* NGRValidator */,
				5E0019541A498273002ED961 /* Controllers */,
				5E0019551A49827E002ED961 /* Resources */,
				5E5C09F21A498164002D3E72 /* Supporting Files */,
			);
			path = NGRValidator;
			sourceTree = "<group>";
		};
		5E5C09F21A498164002D3E72 /* Supporting Files */ = {
			isa = PBXGroup;
			children = (
				5E5C09F31A498164002D3E72 /* Info.plist */,
				5E5C09F41A498164002D3E72 /* main.m */,
			);
			name = "Supporting Files";
			sourceTree = "<group>";
		};
		5E5C0A0B1A498164002D3E72 /* NGRValidatorTests */ = {
			isa = PBXGroup;
			children = (
				5E5C0A0C1A498164002D3E72 /* Supporting Files */,
				5E0019781A498A01002ED961 /* NGRValidatorSpec.m */,
				5E00197A1A498A0F002ED961 /* NGRPropertyValidatorSpec.m */,
			);
			path = NGRValidatorTests;
			sourceTree = "<group>";
		};
		5E5C0A0C1A498164002D3E72 /* Supporting Files */ = {
			isa = PBXGroup;
			children = (
				5E5C0A0D1A498164002D3E72 /* Info.plist */,
			);
			name = "Supporting Files";
			sourceTree = "<group>";
		};
		A6EA48BCBDCAB0C2609537C8 /* Pods */ = {
			isa = PBXGroup;
			children = (
				89C529EEA7D2F290421E1F80 /* Pods-NGRValidatorTests.debug.xcconfig */,
				FE66DA67A44D621453582AF9 /* Pods-NGRValidatorTests.release.xcconfig */,
			);
			name = Pods;
			sourceTree = "<group>";
		};
/* End PBXGroup section */

/* Begin PBXNativeTarget section */
		5E5C09EE1A498164002D3E72 /* NGRValidator */ = {
			isa = PBXNativeTarget;
			buildConfigurationList = 5E5C0A121A498164002D3E72 /* Build configuration list for PBXNativeTarget "NGRValidator" */;
			buildPhases = (
				5E5C09EB1A498164002D3E72 /* Sources */,
				5E5C09EC1A498164002D3E72 /* Frameworks */,
				5E5C09ED1A498164002D3E72 /* Resources */,
			);
			buildRules = (
			);
			dependencies = (
			);
			name = NGRValidator;
			productName = NGRValidator;
			productReference = 5E5C09EF1A498164002D3E72 /* NGRValidator.app */;
			productType = "com.apple.product-type.application";
		};
		5E5C0A071A498164002D3E72 /* NGRValidatorTests */ = {
			isa = PBXNativeTarget;
			buildConfigurationList = 5E5C0A151A498164002D3E72 /* Build configuration list for PBXNativeTarget "NGRValidatorTests" */;
			buildPhases = (
				D6DF47A466456CB09596D933 /* Check Pods Manifest.lock */,
				5E5C0A041A498164002D3E72 /* Sources */,
				5E5C0A051A498164002D3E72 /* Frameworks */,
				5E5C0A061A498164002D3E72 /* Resources */,
				7010E1BDA69E61E05205767B /* Copy Pods Resources */,
			);
			buildRules = (
			);
			dependencies = (
				5E5C0A0A1A498164002D3E72 /* PBXTargetDependency */,
			);
			name = NGRValidatorTests;
			productName = NGRValidatorTests;
			productReference = 5E5C0A081A498164002D3E72 /* NGRValidatorTests.xctest */;
			productType = "com.apple.product-type.bundle.unit-test";
		};
/* End PBXNativeTarget section */

/* Begin PBXProject section */
		5E5C09E71A498164002D3E72 /* Project object */ = {
			isa = PBXProject;
			attributes = {
				LastUpgradeCheck = 0610;
				TargetAttributes = {
					5E5C09EE1A498164002D3E72 = {
						CreatedOnToolsVersion = 6.1;
					};
					5E5C0A071A498164002D3E72 = {
						CreatedOnToolsVersion = 6.1;
						TestTargetID = 5E5C09EE1A498164002D3E72;
					};
				};
			};
			buildConfigurationList = 5E5C09EA1A498164002D3E72 /* Build configuration list for PBXProject "NGRValidator" */;
			compatibilityVersion = "Xcode 3.2";
			developmentRegion = English;
			hasScannedForEncodings = 0;
			knownRegions = (
				en,
				Base,
			);
			mainGroup = 5E5C09E61A498164002D3E72;
			productRefGroup = 5E5C09F01A498164002D3E72 /* Products */;
			projectDirPath = "";
			projectRoot = "";
			targets = (
				5E5C09EE1A498164002D3E72 /* NGRValidator */,
				5E5C0A071A498164002D3E72 /* NGRValidatorTests */,
			);
		};
/* End PBXProject section */

/* Begin PBXResourcesBuildPhase section */
		5E5C09ED1A498164002D3E72 /* Resources */ = {
			isa = PBXResourcesBuildPhase;
			buildActionMask = 2147483647;
			files = (
				5E5C09FE1A498164002D3E72 /* Main.storyboard in Resources */,
				5E5C0A031A498164002D3E72 /* LaunchScreen.xib in Resources */,
				5E5C0A001A498164002D3E72 /* Images.xcassets in Resources */,
			);
			runOnlyForDeploymentPostprocessing = 0;
		};
		5E5C0A061A498164002D3E72 /* Resources */ = {
			isa = PBXResourcesBuildPhase;
			buildActionMask = 2147483647;
			files = (
			);
			runOnlyForDeploymentPostprocessing = 0;
		};
/* End PBXResourcesBuildPhase section */

/* Begin PBXShellScriptBuildPhase section */
		7010E1BDA69E61E05205767B /* Copy Pods Resources */ = {
			isa = PBXShellScriptBuildPhase;
			buildActionMask = 2147483647;
			files = (
			);
			inputPaths = (
			);
			name = "Copy Pods Resources";
			outputPaths = (
			);
			runOnlyForDeploymentPostprocessing = 0;
			shellPath = /bin/sh;
			shellScript = "\"${SRCROOT}/Pods/Target Support Files/Pods-NGRValidatorTests/Pods-NGRValidatorTests-resources.sh\"\n";
			showEnvVarsInLog = 0;
		};
		D6DF47A466456CB09596D933 /* Check Pods Manifest.lock */ = {
			isa = PBXShellScriptBuildPhase;
			buildActionMask = 2147483647;
			files = (
			);
			inputPaths = (
			);
			name = "Check Pods Manifest.lock";
			outputPaths = (
			);
			runOnlyForDeploymentPostprocessing = 0;
			shellPath = /bin/sh;
			shellScript = "diff \"${PODS_ROOT}/../Podfile.lock\" \"${PODS_ROOT}/Manifest.lock\" > /dev/null\nif [[ $? != 0 ]] ; then\n    cat << EOM\nerror: The sandbox is not in sync with the Podfile.lock. Run 'pod install' or update your CocoaPods installation.\nEOM\n    exit 1\nfi\n";
			showEnvVarsInLog = 0;
		};
/* End PBXShellScriptBuildPhase section */

/* Begin PBXSourcesBuildPhase section */
		5E5C09EB1A498164002D3E72 /* Sources */ = {
			isa = PBXSourcesBuildPhase;
			buildActionMask = 2147483647;
			files = (
				5E00196B1A4984F4002ED961 /* NGRPropertyValidator+NSNumber.m in Sources */,
				5E5C09FB1A498164002D3E72 /* ViewController.m in Sources */,
				5E0019871A49A82C002ED961 /* NGRPropertyValidator+NSDate.m in Sources */,
				5E00196E1A498502002ED961 /* NGRPropertyValidator+Syntax.m in Sources */,
				5E0019651A4984DA002ED961 /* NGRPropertyValidator+NSObject.m in Sources */,
				5EAD46F41A5178B400D4044A /* CalendarEvent.m in Sources */,
				5E00195B1A498414002ED961 /* NGRValidator.m in Sources */,
				5E0019711A49851B002ED961 /* NSObject+NGRRuntime.m in Sources */,
				5E00195F1A49842B002ED961 /* NGRPropertyValidator.m in Sources */,
				5E0019771A498542002ED961 /* NSString+NGRValidator.m in Sources */,
				5E5C09F81A498164002D3E72 /* AppDelegate.m in Sources */,
				5E0019741A498531002ED961 /* NSArray+NGRValidator.m in Sources */,
				5E5C09F51A498164002D3E72 /* main.m in Sources */,
				5E0019681A4984E7002ED961 /* NGRPropertyValidator+NSString.m in Sources */,
				5E0019811A499B5F002ED961 /* NSDate+NGRValidator.m in Sources */,
			);
			runOnlyForDeploymentPostprocessing = 0;
		};
		5E5C0A041A498164002D3E72 /* Sources */ = {
			isa = PBXSourcesBuildPhase;
			buildActionMask = 2147483647;
			files = (
				5E00197B1A498A0F002ED961 /* NGRPropertyValidatorSpec.m in Sources */,
				5E0019791A498A01002ED961 /* NGRValidatorSpec.m in Sources */,
			);
			runOnlyForDeploymentPostprocessing = 0;
		};
/* End PBXSourcesBuildPhase section */

/* Begin PBXTargetDependency section */
		5E5C0A0A1A498164002D3E72 /* PBXTargetDependency */ = {
			isa = PBXTargetDependency;
			target = 5E5C09EE1A498164002D3E72 /* NGRValidator */;
			targetProxy = 5E5C0A091A498164002D3E72 /* PBXContainerItemProxy */;
		};
/* End PBXTargetDependency section */

/* Begin PBXVariantGroup section */
		5E5C09FC1A498164002D3E72 /* Main.storyboard */ = {
			isa = PBXVariantGroup;
			children = (
				5E5C09FD1A498164002D3E72 /* Base */,
			);
			name = Main.storyboard;
			sourceTree = "<group>";
		};
		5E5C0A011A498164002D3E72 /* LaunchScreen.xib */ = {
			isa = PBXVariantGroup;
			children = (
				5E5C0A021A498164002D3E72 /* Base */,
			);
			name = LaunchScreen.xib;
			sourceTree = "<group>";
		};
/* End PBXVariantGroup section */

/* Begin XCBuildConfiguration section */
		5E5C0A101A498164002D3E72 /* Debug */ = {
			isa = XCBuildConfiguration;
			buildSettings = {
				ALWAYS_SEARCH_USER_PATHS = NO;
				CLANG_CXX_LANGUAGE_STANDARD = "gnu++0x";
				CLANG_CXX_LIBRARY = "libc++";
				CLANG_ENABLE_MODULES = YES;
				CLANG_ENABLE_OBJC_ARC = YES;
				CLANG_WARN_BOOL_CONVERSION = YES;
				CLANG_WARN_CONSTANT_CONVERSION = YES;
				CLANG_WARN_DIRECT_OBJC_ISA_USAGE = YES_ERROR;
				CLANG_WARN_EMPTY_BODY = YES;
				CLANG_WARN_ENUM_CONVERSION = YES;
				CLANG_WARN_INT_CONVERSION = YES;
				CLANG_WARN_OBJC_ROOT_CLASS = YES_ERROR;
				CLANG_WARN_UNREACHABLE_CODE = YES;
				CLANG_WARN__DUPLICATE_METHOD_MATCH = YES;
				"CODE_SIGN_IDENTITY[sdk=iphoneos*]" = "iPhone Developer";
				COPY_PHASE_STRIP = NO;
				ENABLE_STRICT_OBJC_MSGSEND = YES;
				GCC_C_LANGUAGE_STANDARD = gnu99;
				GCC_DYNAMIC_NO_PIC = NO;
				GCC_OPTIMIZATION_LEVEL = 0;
				GCC_PREPROCESSOR_DEFINITIONS = (
					"DEBUG=1",
					"$(inherited)",
				);
				GCC_SYMBOLS_PRIVATE_EXTERN = NO;
				GCC_WARN_64_TO_32_BIT_CONVERSION = YES;
				GCC_WARN_ABOUT_RETURN_TYPE = YES_ERROR;
				GCC_WARN_UNDECLARED_SELECTOR = YES;
				GCC_WARN_UNINITIALIZED_AUTOS = YES_AGGRESSIVE;
				GCC_WARN_UNUSED_FUNCTION = YES;
				GCC_WARN_UNUSED_VARIABLE = YES;
				IPHONEOS_DEPLOYMENT_TARGET = 8.1;
				MTL_ENABLE_DEBUG_INFO = YES;
				ONLY_ACTIVE_ARCH = YES;
				SDKROOT = iphoneos;
				TARGETED_DEVICE_FAMILY = "1,2";
			};
			name = Debug;
		};
		5E5C0A111A498164002D3E72 /* Release */ = {
			isa = XCBuildConfiguration;
			buildSettings = {
				ALWAYS_SEARCH_USER_PATHS = NO;
				CLANG_CXX_LANGUAGE_STANDARD = "gnu++0x";
				CLANG_CXX_LIBRARY = "libc++";
				CLANG_ENABLE_MODULES = YES;
				CLANG_ENABLE_OBJC_ARC = YES;
				CLANG_WARN_BOOL_CONVERSION = YES;
				CLANG_WARN_CONSTANT_CONVERSION = YES;
				CLANG_WARN_DIRECT_OBJC_ISA_USAGE = YES_ERROR;
				CLANG_WARN_EMPTY_BODY = YES;
				CLANG_WARN_ENUM_CONVERSION = YES;
				CLANG_WARN_INT_CONVERSION = YES;
				CLANG_WARN_OBJC_ROOT_CLASS = YES_ERROR;
				CLANG_WARN_UNREACHABLE_CODE = YES;
				CLANG_WARN__DUPLICATE_METHOD_MATCH = YES;
				"CODE_SIGN_IDENTITY[sdk=iphoneos*]" = "iPhone Developer";
				COPY_PHASE_STRIP = YES;
				ENABLE_NS_ASSERTIONS = NO;
				ENABLE_STRICT_OBJC_MSGSEND = YES;
				GCC_C_LANGUAGE_STANDARD = gnu99;
				GCC_WARN_64_TO_32_BIT_CONVERSION = YES;
				GCC_WARN_ABOUT_RETURN_TYPE = YES_ERROR;
				GCC_WARN_UNDECLARED_SELECTOR = YES;
				GCC_WARN_UNINITIALIZED_AUTOS = YES_AGGRESSIVE;
				GCC_WARN_UNUSED_FUNCTION = YES;
				GCC_WARN_UNUSED_VARIABLE = YES;
				IPHONEOS_DEPLOYMENT_TARGET = 8.1;
				MTL_ENABLE_DEBUG_INFO = NO;
				SDKROOT = iphoneos;
				TARGETED_DEVICE_FAMILY = "1,2";
				VALIDATE_PRODUCT = YES;
			};
			name = Release;
		};
		5E5C0A131A498164002D3E72 /* Debug */ = {
			isa = XCBuildConfiguration;
			buildSettings = {
				ASSETCATALOG_COMPILER_APPICON_NAME = AppIcon;
				INFOPLIST_FILE = NGRValidator/Info.plist;
				LD_RUNPATH_SEARCH_PATHS = "$(inherited) @executable_path/Frameworks";
				PRODUCT_NAME = "$(TARGET_NAME)";
			};
			name = Debug;
		};
		5E5C0A141A498164002D3E72 /* Release */ = {
			isa = XCBuildConfiguration;
			buildSettings = {
				ASSETCATALOG_COMPILER_APPICON_NAME = AppIcon;
				INFOPLIST_FILE = NGRValidator/Info.plist;
				LD_RUNPATH_SEARCH_PATHS = "$(inherited) @executable_path/Frameworks";
				PRODUCT_NAME = "$(TARGET_NAME)";
			};
			name = Release;
		};
		5E5C0A161A498164002D3E72 /* Debug */ = {
			isa = XCBuildConfiguration;
			baseConfigurationReference = 89C529EEA7D2F290421E1F80 /* Pods-NGRValidatorTests.debug.xcconfig */;
			buildSettings = {
				BUNDLE_LOADER = "$(TEST_HOST)";
				FRAMEWORK_SEARCH_PATHS = (
					"$(SDKROOT)/Developer/Library/Frameworks",
					"$(inherited)",
				);
				GCC_PREPROCESSOR_DEFINITIONS = (
					"DEBUG=1",
					"$(inherited)",
				);
				INFOPLIST_FILE = NGRValidatorTests/Info.plist;
				LD_RUNPATH_SEARCH_PATHS = "$(inherited) @executable_path/Frameworks @loader_path/Frameworks";
				PRODUCT_NAME = "$(TARGET_NAME)";
				TEST_HOST = "$(BUILT_PRODUCTS_DIR)/NGRValidator.app/NGRValidator";
			};
			name = Debug;
		};
		5E5C0A171A498164002D3E72 /* Release */ = {
			isa = XCBuildConfiguration;
			baseConfigurationReference = FE66DA67A44D621453582AF9 /* Pods-NGRValidatorTests.release.xcconfig */;
			buildSettings = {
				BUNDLE_LOADER = "$(TEST_HOST)";
				FRAMEWORK_SEARCH_PATHS = (
					"$(SDKROOT)/Developer/Library/Frameworks",
					"$(inherited)",
				);
				INFOPLIST_FILE = NGRValidatorTests/Info.plist;
				LD_RUNPATH_SEARCH_PATHS = "$(inherited) @executable_path/Frameworks @loader_path/Frameworks";
				PRODUCT_NAME = "$(TARGET_NAME)";
				TEST_HOST = "$(BUILT_PRODUCTS_DIR)/NGRValidator.app/NGRValidator";
			};
			name = Release;
		};
/* End XCBuildConfiguration section */

/* Begin XCConfigurationList section */
		5E5C09EA1A498164002D3E72 /* Build configuration list for PBXProject "NGRValidator" */ = {
			isa = XCConfigurationList;
			buildConfigurations = (
				5E5C0A101A498164002D3E72 /* Debug */,
				5E5C0A111A498164002D3E72 /* Release */,
			);
			defaultConfigurationIsVisible = 0;
			defaultConfigurationName = Release;
		};
		5E5C0A121A498164002D3E72 /* Build configuration list for PBXNativeTarget "NGRValidator" */ = {
			isa = XCConfigurationList;
			buildConfigurations = (
				5E5C0A131A498164002D3E72 /* Debug */,
				5E5C0A141A498164002D3E72 /* Release */,
			);
			defaultConfigurationIsVisible = 0;
			defaultConfigurationName = Release;
		};
		5E5C0A151A498164002D3E72 /* Build configuration list for PBXNativeTarget "NGRValidatorTests" */ = {
			isa = XCConfigurationList;
			buildConfigurations = (
				5E5C0A161A498164002D3E72 /* Debug */,
				5E5C0A171A498164002D3E72 /* Release */,
			);
			defaultConfigurationIsVisible = 0;
			defaultConfigurationName = Release;
		};
/* End XCConfigurationList section */
	};
	rootObject = 5E5C09E71A498164002D3E72 /* Project object */;
}
