// !$*UTF8*$!
{
	archiveVersion = 1;
	classes = {
	};
	objectVersion = 46;
	objects = {

/* Begin PBXBuildFile section */
		5E00195B1A498414002ED961 /* NGRValidator.m in Sources */ = {isa = PBXBuildFile; fileRef = 5E00195A1A498414002ED961 /* NGRValidator.m */; };
		5E00195F1A49842B002ED961 /* NGRPropertyValidator.m in Sources */ = {isa = PBXBuildFile; fileRef = 5E00195E1A49842B002ED961 /* NGRPropertyValidator.m */; };
		5E0019651A4984DA002ED961 /* NGRPropertyValidator+NSObject.m in Sources */ = {isa = PBXBuildFile; fileRef = 5E0019641A4984DA002ED961 /* NGRPropertyValidator+NSObject.m */; };
		5E0019681A4984E7002ED961 /* NGRPropertyValidator+NSString.m in Sources */ = {isa = PBXBuildFile; fileRef = 5E0019671A4984E7002ED961 /* NGRPropertyValidator+NSString.m */; };
		5E00196B1A4984F4002ED961 /* NGRPropertyValidator+NSNumber.m in Sources */ = {isa = PBXBuildFile; fileRef = 5E00196A1A4984F4002ED961 /* NGRPropertyValidator+NSNumber.m */; };
		5E00196E1A498502002ED961 /* NGRPropertyValidator+Syntax.m in Sources */ = {isa = PBXBuildFile; fileRef = 5E00196D1A498502002ED961 /* NGRPropertyValidator+Syntax.m */; };
		5E0019711A49851B002ED961 /* NSObject+NGRRuntime.m in Sources */ = {isa = PBXBuildFile; fileRef = 5E0019701A49851B002ED961 /* NSObject+NGRRuntime.m */; };
		5E0019741A498531002ED961 /* NSArray+NGRValidator.m in Sources */ = {isa = PBXBuildFile; fileRef = 5E0019731A498531002ED961 /* NSArray+NGRValidator.m */; };
		5E0019771A498542002ED961 /* NSString+NGRValidator.m in Sources */ = {isa = PBXBuildFile; fileRef = 5E0019761A498542002ED961 /* NSString+NGRValidator.m */; };
		5E0019811A499B5F002ED961 /* NSDate+NGRValidator.m in Sources */ = {isa = PBXBuildFile; fileRef = 5E0019801A499B5F002ED961 /* NSDate+NGRValidator.m */; };
		5E0019871A49A82C002ED961 /* NGRPropertyValidator+NSDate.m in Sources */ = {isa = PBXBuildFile; fileRef = 5E0019861A49A82C002ED961 /* NGRPropertyValidator+NSDate.m */; };
		5E1E5D6D1A8D6A4800AE16A1 /* NGRValidatorBehavior.m in Sources */ = {isa = PBXBuildFile; fileRef = 5E1E5D6C1A8D6A4800AE16A1 /* NGRValidatorBehavior.m */; };
		5E1E5D701A8D6B6000AE16A1 /* NGRBehaviorKeys.m in Sources */ = {isa = PBXBuildFile; fileRef = 5E1E5D6F1A8D6B6000AE16A1 /* NGRBehaviorKeys.m */; };
		5E26AD841B5E5DA70056F510 /* NGRPropertyValidator+NSArray.m in Sources */ = {isa = PBXBuildFile; fileRef = 5E26AD831B5E5DA70056F510 /* NGRPropertyValidator+NSArray.m */; };
		5E2EBFB91A924ED300AFDBCD /* NGRValidator+NSStringSpec.m in Sources */ = {isa = PBXBuildFile; fileRef = 5E2EBFB81A924ED300AFDBCD /* NGRValidator+NSStringSpec.m */; };
		5E2EBFBB1A924F7000AFDBCD /* NGRValidator+NSNumberSpec.m in Sources */ = {isa = PBXBuildFile; fileRef = 5E2EBFBA1A924F7000AFDBCD /* NGRValidator+NSNumberSpec.m */; };
		5E2EBFBD1A92752A00AFDBCD /* NGRValidator+NSDateSpec.m in Sources */ = {isa = PBXBuildFile; fileRef = 5E2EBFBC1A92752A00AFDBCD /* NGRValidator+NSDateSpec.m */; };
		5E2EBFBF1A92754400AFDBCD /* NGRValidator+SyntaxSpec.m in Sources */ = {isa = PBXBuildFile; fileRef = 5E2EBFBE1A92754400AFDBCD /* NGRValidator+SyntaxSpec.m */; };
		5E3530DE1A98BB5C006978A0 /* NGRMessages.m in Sources */ = {isa = PBXBuildFile; fileRef = 5E3530DD1A98BB5C006978A0 /* NGRMessages.m */; };
		5E4A2BB51A5788CF00744E93 /* NSObject+NGRValidator.m in Sources */ = {isa = PBXBuildFile; fileRef = 5E4A2BB41A5788CF00744E93 /* NSObject+NGRValidator.m */; };
		5E5C09F51A498164002D3E72 /* main.m in Sources */ = {isa = PBXBuildFile; fileRef = 5E5C09F41A498164002D3E72 /* main.m */; };
		5E5C09F81A498164002D3E72 /* AppDelegate.m in Sources */ = {isa = PBXBuildFile; fileRef = 5E5C09F71A498164002D3E72 /* AppDelegate.m */; };
		5E5C09FE1A498164002D3E72 /* Main.storyboard in Resources */ = {isa = PBXBuildFile; fileRef = 5E5C09FC1A498164002D3E72 /* Main.storyboard */; };
		5E5C0A001A498164002D3E72 /* Images.xcassets in Resources */ = {isa = PBXBuildFile; fileRef = 5E5C09FF1A498164002D3E72 /* Images.xcassets */; };
		5E62ACAB1AD72F28001976CE /* NSError+NGRValidator.m in Sources */ = {isa = PBXBuildFile; fileRef = 5E62ACAA1AD72F28001976CE /* NSError+NGRValidator.m */; };
		5E62ACB11AD738BA001976CE /* NGRConstants.m in Sources */ = {isa = PBXBuildFile; fileRef = 5E62ACB01AD738BA001976CE /* NGRConstants.m */; };
		5E6D99BD1A53827000161808 /* NGRValidationRule.m in Sources */ = {isa = PBXBuildFile; fileRef = 5E6D99BC1A53827000161808 /* NGRValidationRule.m */; };
		5E6D99C01A53959500161808 /* NGRComplexDemoViewController.m in Sources */ = {isa = PBXBuildFile; fileRef = 5E6D99BF1A53959500161808 /* NGRComplexDemoViewController.m */; };
		5E6D99C41A5395C600161808 /* NGRComplexDemoView.m in Sources */ = {isa = PBXBuildFile; fileRef = 5E6D99C31A5395C600161808 /* NGRComplexDemoView.m */; };
		5E6D99C71A53971900161808 /* NGRDemoTextFieldCell.m in Sources */ = {isa = PBXBuildFile; fileRef = 5E6D99C61A53971900161808 /* NGRDemoTextFieldCell.m */; };
		5E6D99CA1A539B9400161808 /* NGRDemoDatePickerCell.m in Sources */ = {isa = PBXBuildFile; fileRef = 5E6D99C91A539B9400161808 /* NGRDemoDatePickerCell.m */; };
		5E6D99CD1A539BA500161808 /* NGRDemoSwitchCell.m in Sources */ = {isa = PBXBuildFile; fileRef = 5E6D99CC1A539BA500161808 /* NGRDemoSwitchCell.m */; };
		5E92F29E1A97E3CD00BDAEBC /* NGRValidationRuleSpec.m in Sources */ = {isa = PBXBuildFile; fileRef = 5E92F29D1A97E3CD00BDAEBC /* NGRValidationRuleSpec.m */; };
		5E9643241A53A2CA003E1773 /* NGRCalendarEvent.m in Sources */ = {isa = PBXBuildFile; fileRef = 5E9643231A53A2CA003E1773 /* NGRCalendarEvent.m */; };
		5EA4DF8F1A9296DA00C537F2 /* NGRValidator+ScenarioSpec.m in Sources */ = {isa = PBXBuildFile; fileRef = 5EA4DF8E1A9296DA00C537F2 /* NGRValidator+ScenarioSpec.m */; };
		5EA4DF911A9296F800C537F2 /* NGRValidatorSpec.m in Sources */ = {isa = PBXBuildFile; fileRef = 5EA4DF901A9296F800C537F2 /* NGRValidatorSpec.m */; };
		5EC4860F1AD2F9DB001C7DBB /* NGRTestModel.m in Sources */ = {isa = PBXBuildFile; fileRef = 5EC4860E1AD2F9DB001C7DBB /* NGRTestModel.m */; };
		5ECAF8751A6311350011181C /* NGRSimpleDemoViewController.m in Sources */ = {isa = PBXBuildFile; fileRef = 5ECAF8741A6311350011181C /* NGRSimpleDemoViewController.m */; };
		5ECAF8791A6311490011181C /* NGRSimpleDemoView.m in Sources */ = {isa = PBXBuildFile; fileRef = 5ECAF8781A6311490011181C /* NGRSimpleDemoView.m */; };
		5ECAF87E1A6311BA0011181C /* NGRMediumDemoViewController.m in Sources */ = {isa = PBXBuildFile; fileRef = 5ECAF87D1A6311BA0011181C /* NGRMediumDemoViewController.m */; };
		5ECAF8821A6311D00011181C /* NGRMediumDemoView.m in Sources */ = {isa = PBXBuildFile; fileRef = 5ECAF8811A6311D00011181C /* NGRMediumDemoView.m */; };
		5ECAF8861A6319F70011181C /* NGRTextField.m in Sources */ = {isa = PBXBuildFile; fileRef = 5ECAF8851A6319F70011181C /* NGRTextField.m */; };
		5ECAF88D1A631EAC0011181C /* NGRUser.m in Sources */ = {isa = PBXBuildFile; fileRef = 5ECAF88C1A631EAC0011181C /* NGRUser.m */; };
		5ECAF8941A6343960011181C /* UIViewController+NGRDemo.m in Sources */ = {isa = PBXBuildFile; fileRef = 5ECAF8931A6343960011181C /* UIViewController+NGRDemo.m */; };
		5EEE70ED1AD318C5005D5042 /* NGRMessagesSpec.m in Sources */ = {isa = PBXBuildFile; fileRef = 5EEE70EC1AD318C5005D5042 /* NGRMessagesSpec.m */; };
		5EEF83C01A8C0AA900847CE1 /* NGRPropertyValidatorSpec.m in Sources */ = {isa = PBXBuildFile; fileRef = 5EEF83BF1A8C0AA900847CE1 /* NGRPropertyValidatorSpec.m */; };
		5EF1C5FC1AD482D500CC9173 /* NGRPropertyValidator+SugarSyntax.m in Sources */ = {isa = PBXBuildFile; fileRef = 5EF1C5FB1AD482D500CC9173 /* NGRPropertyValidator+SugarSyntax.m */; };
		5EF1C5FE1AD4863200CC9173 /* NGRPropertyValidator+SugarSyntaxSpec.m in Sources */ = {isa = PBXBuildFile; fileRef = 5EF1C5FD1AD4863200CC9173 /* NGRPropertyValidator+SugarSyntaxSpec.m */; };
		5EFC9C941B85EB5E00D9FEA7 /* NGRValidator+NSArraySpec.m in Sources */ = {isa = PBXBuildFile; fileRef = 5EFC9C931B85EB5E00D9FEA7 /* NGRValidator+NSArraySpec.m */; };
		DE7F815529AF01B08397162D /* libPods-NGRValidatorTests.a in Frameworks */ = {isa = PBXBuildFile; fileRef = 694413942B9120CB278F6871 /* libPods-NGRValidatorTests.a */; };
/* End PBXBuildFile section */

/* Begin PBXContainerItemProxy section */
		5E5C0A091A498164002D3E72 /* PBXContainerItemProxy */ = {
			isa = PBXContainerItemProxy;
			containerPortal = 5E5C09E71A498164002D3E72 /* Project object */;
			proxyType = 1;
			remoteGlobalIDString = 5E5C09EE1A498164002D3E72;
			remoteInfo = NGRValidator;
		};
/* End PBXContainerItemProxy section */

/* Begin PBXFileReference section */
		5E0019591A498414002ED961 /* NGRValidator.h */ = {isa = PBXFileReference; fileEncoding = 4; lastKnownFileType = sourcecode.c.h; name = NGRValidator.h; path = NGRValidator/NGRValidator.h; sourceTree = "<group>"; };
		5E00195A1A498414002ED961 /* NGRValidator.m */ = {isa = PBXFileReference; fileEncoding = 4; lastKnownFileType = sourcecode.c.objc; name = NGRValidator.m; path = NGRValidator/NGRValidator.m; sourceTree = "<group>"; };
		5E00195D1A49842B002ED961 /* NGRPropertyValidator.h */ = {isa = PBXFileReference; fileEncoding = 4; lastKnownFileType = sourcecode.c.h; lineEnding = 0; name = NGRPropertyValidator.h; path = NGRValidator/NGRPropertyValidator.h; sourceTree = "<group>"; xcLanguageSpecificationIdentifier = xcode.lang.objcpp; };
		5E00195E1A49842B002ED961 /* NGRPropertyValidator.m */ = {isa = PBXFileReference; fileEncoding = 4; lastKnownFileType = sourcecode.c.objc; name = NGRPropertyValidator.m; path = NGRValidator/NGRPropertyValidator.m; sourceTree = "<group>"; };
		5E0019631A4984DA002ED961 /* NGRPropertyValidator+NSObject.h */ = {isa = PBXFileReference; fileEncoding = 4; lastKnownFileType = sourcecode.c.h; lineEnding = 0; name = "NGRPropertyValidator+NSObject.h"; path = "NGRValidator/Extensions/NGRPropertyValidator+NSObject.h"; sourceTree = "<group>"; xcLanguageSpecificationIdentifier = xcode.lang.objcpp; };
		5E0019641A4984DA002ED961 /* NGRPropertyValidator+NSObject.m */ = {isa = PBXFileReference; fileEncoding = 4; lastKnownFileType = sourcecode.c.objc; name = "NGRPropertyValidator+NSObject.m"; path = "NGRValidator/Extensions/NGRPropertyValidator+NSObject.m"; sourceTree = "<group>"; };
		5E0019661A4984E7002ED961 /* NGRPropertyValidator+NSString.h */ = {isa = PBXFileReference; fileEncoding = 4; lastKnownFileType = sourcecode.c.h; lineEnding = 0; name = "NGRPropertyValidator+NSString.h"; path = "NGRValidator/Extensions/NGRPropertyValidator+NSString.h"; sourceTree = "<group>"; xcLanguageSpecificationIdentifier = xcode.lang.objcpp; };
		5E0019671A4984E7002ED961 /* NGRPropertyValidator+NSString.m */ = {isa = PBXFileReference; fileEncoding = 4; lastKnownFileType = sourcecode.c.objc; name = "NGRPropertyValidator+NSString.m"; path = "NGRValidator/Extensions/NGRPropertyValidator+NSString.m"; sourceTree = "<group>"; };
		5E0019691A4984F4002ED961 /* NGRPropertyValidator+NSNumber.h */ = {isa = PBXFileReference; fileEncoding = 4; lastKnownFileType = sourcecode.c.h; lineEnding = 0; name = "NGRPropertyValidator+NSNumber.h"; path = "NGRValidator/Extensions/NGRPropertyValidator+NSNumber.h"; sourceTree = "<group>"; xcLanguageSpecificationIdentifier = xcode.lang.objcpp; };
		5E00196A1A4984F4002ED961 /* NGRPropertyValidator+NSNumber.m */ = {isa = PBXFileReference; fileEncoding = 4; lastKnownFileType = sourcecode.c.objc; name = "NGRPropertyValidator+NSNumber.m"; path = "NGRValidator/Extensions/NGRPropertyValidator+NSNumber.m"; sourceTree = "<group>"; };
		5E00196C1A498502002ED961 /* NGRPropertyValidator+Syntax.h */ = {isa = PBXFileReference; fileEncoding = 4; lastKnownFileType = sourcecode.c.h; name = "NGRPropertyValidator+Syntax.h"; path = "NGRValidator/Extensions/NGRPropertyValidator+Syntax.h"; sourceTree = "<group>"; };
		5E00196D1A498502002ED961 /* NGRPropertyValidator+Syntax.m */ = {isa = PBXFileReference; fileEncoding = 4; lastKnownFileType = sourcecode.c.objc; name = "NGRPropertyValidator+Syntax.m"; path = "NGRValidator/Extensions/NGRPropertyValidator+Syntax.m"; sourceTree = "<group>"; };
		5E00196F1A49851B002ED961 /* NSObject+NGRRuntime.h */ = {isa = PBXFileReference; fileEncoding = 4; lastKnownFileType = sourcecode.c.h; name = "NSObject+NGRRuntime.h"; path = "NGRValidator/Categories/NSObject+NGRRuntime.h"; sourceTree = "<group>"; };
		5E0019701A49851B002ED961 /* NSObject+NGRRuntime.m */ = {isa = PBXFileReference; fileEncoding = 4; lastKnownFileType = sourcecode.c.objc; name = "NSObject+NGRRuntime.m"; path = "NGRValidator/Categories/NSObject+NGRRuntime.m"; sourceTree = "<group>"; };
		5E0019721A498531002ED961 /* NSArray+NGRValidator.h */ = {isa = PBXFileReference; fileEncoding = 4; lastKnownFileType = sourcecode.c.h; name = "NSArray+NGRValidator.h"; path = "NGRValidator/Categories/NSArray+NGRValidator.h"; sourceTree = "<group>"; };
		5E0019731A498531002ED961 /* NSArray+NGRValidator.m */ = {isa = PBXFileReference; fileEncoding = 4; lastKnownFileType = sourcecode.c.objc; name = "NSArray+NGRValidator.m"; path = "NGRValidator/Categories/NSArray+NGRValidator.m"; sourceTree = "<group>"; };
		5E0019751A498542002ED961 /* NSString+NGRValidator.h */ = {isa = PBXFileReference; fileEncoding = 4; lastKnownFileType = sourcecode.c.h; name = "NSString+NGRValidator.h"; path = "NGRValidator/Categories/NSString+NGRValidator.h"; sourceTree = "<group>"; };
		5E0019761A498542002ED961 /* NSString+NGRValidator.m */ = {isa = PBXFileReference; fileEncoding = 4; lastKnownFileType = sourcecode.c.objc; name = "NSString+NGRValidator.m"; path = "NGRValidator/Categories/NSString+NGRValidator.m"; sourceTree = "<group>"; };
		5E00197F1A499B5F002ED961 /* NSDate+NGRValidator.h */ = {isa = PBXFileReference; fileEncoding = 4; lastKnownFileType = sourcecode.c.h; name = "NSDate+NGRValidator.h"; path = "NGRValidator/Categories/NSDate+NGRValidator.h"; sourceTree = "<group>"; };
		5E0019801A499B5F002ED961 /* NSDate+NGRValidator.m */ = {isa = PBXFileReference; fileEncoding = 4; lastKnownFileType = sourcecode.c.objc; name = "NSDate+NGRValidator.m"; path = "NGRValidator/Categories/NSDate+NGRValidator.m"; sourceTree = "<group>"; };
		5E0019851A49A82C002ED961 /* NGRPropertyValidator+NSDate.h */ = {isa = PBXFileReference; fileEncoding = 4; lastKnownFileType = sourcecode.c.h; lineEnding = 0; name = "NGRPropertyValidator+NSDate.h"; path = "NGRValidator/Extensions/NGRPropertyValidator+NSDate.h"; sourceTree = "<group>"; xcLanguageSpecificationIdentifier = xcode.lang.objcpp; };
		5E0019861A49A82C002ED961 /* NGRPropertyValidator+NSDate.m */ = {isa = PBXFileReference; fileEncoding = 4; lastKnownFileType = sourcecode.c.objc; name = "NGRPropertyValidator+NSDate.m"; path = "NGRValidator/Extensions/NGRPropertyValidator+NSDate.m"; sourceTree = "<group>"; };
		5E1E5D6C1A8D6A4800AE16A1 /* NGRValidatorBehavior.m */ = {isa = PBXFileReference; fileEncoding = 4; lastKnownFileType = sourcecode.c.objc; lineEnding = 0; path = NGRValidatorBehavior.m; sourceTree = "<group>"; xcLanguageSpecificationIdentifier = xcode.lang.objc; };
		5E1E5D6E1A8D6B6000AE16A1 /* NGRBehaviorKeys.h */ = {isa = PBXFileReference; fileEncoding = 4; lastKnownFileType = sourcecode.c.h; lineEnding = 0; name = NGRBehaviorKeys.h; path = Helpers/NGRBehaviorKeys.h; sourceTree = "<group>"; xcLanguageSpecificationIdentifier = xcode.lang.objcpp; };
		5E1E5D6F1A8D6B6000AE16A1 /* NGRBehaviorKeys.m */ = {isa = PBXFileReference; fileEncoding = 4; lastKnownFileType = sourcecode.c.objc; lineEnding = 0; name = NGRBehaviorKeys.m; path = Helpers/NGRBehaviorKeys.m; sourceTree = "<group>"; xcLanguageSpecificationIdentifier = xcode.lang.objc; };
		5E26AD821B5E5DA70056F510 /* NGRPropertyValidator+NSArray.h */ = {isa = PBXFileReference; fileEncoding = 4; lastKnownFileType = sourcecode.c.h; name = "NGRPropertyValidator+NSArray.h"; path = "NGRValidator/Extensions/NGRPropertyValidator+NSArray.h"; sourceTree = "<group>"; };
		5E26AD831B5E5DA70056F510 /* NGRPropertyValidator+NSArray.m */ = {isa = PBXFileReference; fileEncoding = 4; lastKnownFileType = sourcecode.c.objc; name = "NGRPropertyValidator+NSArray.m"; path = "NGRValidator/Extensions/NGRPropertyValidator+NSArray.m"; sourceTree = "<group>"; };
		5E2EBFB81A924ED300AFDBCD /* NGRValidator+NSStringSpec.m */ = {isa = PBXFileReference; fileEncoding = 4; lastKnownFileType = sourcecode.c.objc; lineEnding = 0; path = "NGRValidator+NSStringSpec.m"; sourceTree = "<group>"; xcLanguageSpecificationIdentifier = xcode.lang.objc; };
		5E2EBFBA1A924F7000AFDBCD /* NGRValidator+NSNumberSpec.m */ = {isa = PBXFileReference; fileEncoding = 4; lastKnownFileType = sourcecode.c.objc; path = "NGRValidator+NSNumberSpec.m"; sourceTree = "<group>"; };
		5E2EBFBC1A92752A00AFDBCD /* NGRValidator+NSDateSpec.m */ = {isa = PBXFileReference; fileEncoding = 4; lastKnownFileType = sourcecode.c.objc; path = "NGRValidator+NSDateSpec.m"; sourceTree = "<group>"; };
		5E2EBFBE1A92754400AFDBCD /* NGRValidator+SyntaxSpec.m */ = {isa = PBXFileReference; fileEncoding = 4; lastKnownFileType = sourcecode.c.objc; path = "NGRValidator+SyntaxSpec.m"; sourceTree = "<group>"; };
		5E3530DC1A98BB5C006978A0 /* NGRMessages.h */ = {isa = PBXFileReference; fileEncoding = 4; lastKnownFileType = sourcecode.c.h; name = NGRMessages.h; path = NGRValidator/NGRMessages.h; sourceTree = "<group>"; };
		5E3530DD1A98BB5C006978A0 /* NGRMessages.m */ = {isa = PBXFileReference; fileEncoding = 4; lastKnownFileType = sourcecode.c.objc; name = NGRMessages.m; path = NGRValidator/NGRMessages.m; sourceTree = "<group>"; };
		5E4A2BB31A5788CF00744E93 /* NSObject+NGRValidator.h */ = {isa = PBXFileReference; fileEncoding = 4; lastKnownFileType = sourcecode.c.h; name = "NSObject+NGRValidator.h"; path = "NGRValidator/Categories/NSObject+NGRValidator.h"; sourceTree = "<group>"; };
		5E4A2BB41A5788CF00744E93 /* NSObject+NGRValidator.m */ = {isa = PBXFileReference; fileEncoding = 4; lastKnownFileType = sourcecode.c.objc; name = "NSObject+NGRValidator.m"; path = "NGRValidator/Categories/NSObject+NGRValidator.m"; sourceTree = "<group>"; };
		5E5C09EF1A498164002D3E72 /* NGRValidator.app */ = {isa = PBXFileReference; explicitFileType = wrapper.application; includeInIndex = 0; path = NGRValidator.app; sourceTree = BUILT_PRODUCTS_DIR; };
		5E5C09F31A498164002D3E72 /* Info.plist */ = {isa = PBXFileReference; lastKnownFileType = text.plist.xml; path = Info.plist; sourceTree = "<group>"; };
		5E5C09F41A498164002D3E72 /* main.m */ = {isa = PBXFileReference; lastKnownFileType = sourcecode.c.objc; path = main.m; sourceTree = "<group>"; };
		5E5C09F61A498164002D3E72 /* AppDelegate.h */ = {isa = PBXFileReference; lastKnownFileType = sourcecode.c.h; path = AppDelegate.h; sourceTree = "<group>"; };
		5E5C09F71A498164002D3E72 /* AppDelegate.m */ = {isa = PBXFileReference; lastKnownFileType = sourcecode.c.objc; path = AppDelegate.m; sourceTree = "<group>"; };
		5E5C09FD1A498164002D3E72 /* Base */ = {isa = PBXFileReference; lastKnownFileType = file.storyboard; name = Base; path = Base.lproj/Main.storyboard; sourceTree = "<group>"; };
		5E5C09FF1A498164002D3E72 /* Images.xcassets */ = {isa = PBXFileReference; lastKnownFileType = folder.assetcatalog; path = Images.xcassets; sourceTree = "<group>"; };
		5E5C0A081A498164002D3E72 /* NGRValidatorTests.xctest */ = {isa = PBXFileReference; explicitFileType = wrapper.cfbundle; includeInIndex = 0; path = NGRValidatorTests.xctest; sourceTree = BUILT_PRODUCTS_DIR; };
		5E5C0A0D1A498164002D3E72 /* Info.plist */ = {isa = PBXFileReference; lastKnownFileType = text.plist.xml; path = Info.plist; sourceTree = "<group>"; };
		5E62ACA51AD72711001976CE /* NGRMessaging.h */ = {isa = PBXFileReference; fileEncoding = 4; lastKnownFileType = sourcecode.c.h; name = NGRMessaging.h; path = NGRValidator/NGRMessaging.h; sourceTree = "<group>"; };
		5E62ACA91AD72F28001976CE /* NSError+NGRValidator.h */ = {isa = PBXFileReference; fileEncoding = 4; lastKnownFileType = sourcecode.c.h; name = "NSError+NGRValidator.h"; path = "NGRValidator/Categories/NSError+NGRValidator.h"; sourceTree = "<group>"; };
		5E62ACAA1AD72F28001976CE /* NSError+NGRValidator.m */ = {isa = PBXFileReference; fileEncoding = 4; lastKnownFileType = sourcecode.c.objc; name = "NSError+NGRValidator.m"; path = "NGRValidator/Categories/NSError+NGRValidator.m"; sourceTree = "<group>"; };
		5E62ACAF1AD738BA001976CE /* NGRConstants.h */ = {isa = PBXFileReference; fileEncoding = 4; lastKnownFileType = sourcecode.c.h; name = NGRConstants.h; path = NGRValidator/NGRConstants.h; sourceTree = "<group>"; };
		5E62ACB01AD738BA001976CE /* NGRConstants.m */ = {isa = PBXFileReference; fileEncoding = 4; lastKnownFileType = sourcecode.c.objc; name = NGRConstants.m; path = NGRValidator/NGRConstants.m; sourceTree = "<group>"; };
		5E62ACB31AD73EAC001976CE /* NGRValidatorDeprecated.h */ = {isa = PBXFileReference; fileEncoding = 4; lastKnownFileType = sourcecode.c.h; name = NGRValidatorDeprecated.h; path = NGRValidator/NGRValidatorDeprecated.h; sourceTree = "<group>"; };
		5E62ACB41AD74069001976CE /* NGRValidatorShorthand.h */ = {isa = PBXFileReference; fileEncoding = 4; lastKnownFileType = sourcecode.c.h; name = NGRValidatorShorthand.h; path = NGRValidator/NGRValidatorShorthand.h; sourceTree = "<group>"; };
		5E62ACB61AD741B3001976CE /* NGRValidatorUmbrellaHeader.h */ = {isa = PBXFileReference; fileEncoding = 4; lastKnownFileType = sourcecode.c.h; name = NGRValidatorUmbrellaHeader.h; path = NGRValidator/NGRValidatorUmbrellaHeader.h; sourceTree = "<group>"; };
		5E6D99BB1A53827000161808 /* NGRValidationRule.h */ = {isa = PBXFileReference; fileEncoding = 4; lastKnownFileType = sourcecode.c.h; name = NGRValidationRule.h; path = NGRValidator/NGRValidationRule.h; sourceTree = "<group>"; };
		5E6D99BC1A53827000161808 /* NGRValidationRule.m */ = {isa = PBXFileReference; fileEncoding = 4; lastKnownFileType = sourcecode.c.objc; name = NGRValidationRule.m; path = NGRValidator/NGRValidationRule.m; sourceTree = "<group>"; };
		5E6D99BE1A53959500161808 /* NGRComplexDemoViewController.h */ = {isa = PBXFileReference; fileEncoding = 4; lastKnownFileType = sourcecode.c.h; name = NGRComplexDemoViewController.h; path = Demo/NGRComplexDemoViewController.h; sourceTree = "<group>"; };
		5E6D99BF1A53959500161808 /* NGRComplexDemoViewController.m */ = {isa = PBXFileReference; fileEncoding = 4; lastKnownFileType = sourcecode.c.objc; name = NGRComplexDemoViewController.m; path = Demo/NGRComplexDemoViewController.m; sourceTree = "<group>"; };
		5E6D99C21A5395C600161808 /* NGRComplexDemoView.h */ = {isa = PBXFileReference; fileEncoding = 4; lastKnownFileType = sourcecode.c.h; name = NGRComplexDemoView.h; path = Demo/NGRComplexDemoView.h; sourceTree = "<group>"; };
		5E6D99C31A5395C600161808 /* NGRComplexDemoView.m */ = {isa = PBXFileReference; fileEncoding = 4; lastKnownFileType = sourcecode.c.objc; name = NGRComplexDemoView.m; path = Demo/NGRComplexDemoView.m; sourceTree = "<group>"; };
		5E6D99C51A53971900161808 /* NGRDemoTextFieldCell.h */ = {isa = PBXFileReference; fileEncoding = 4; lastKnownFileType = sourcecode.c.h; name = NGRDemoTextFieldCell.h; path = Demo/NGRDemoTextFieldCell.h; sourceTree = "<group>"; };
		5E6D99C61A53971900161808 /* NGRDemoTextFieldCell.m */ = {isa = PBXFileReference; fileEncoding = 4; lastKnownFileType = sourcecode.c.objc; name = NGRDemoTextFieldCell.m; path = Demo/NGRDemoTextFieldCell.m; sourceTree = "<group>"; };
		5E6D99C81A539B9400161808 /* NGRDemoDatePickerCell.h */ = {isa = PBXFileReference; fileEncoding = 4; lastKnownFileType = sourcecode.c.h; name = NGRDemoDatePickerCell.h; path = Demo/NGRDemoDatePickerCell.h; sourceTree = "<group>"; };
		5E6D99C91A539B9400161808 /* NGRDemoDatePickerCell.m */ = {isa = PBXFileReference; fileEncoding = 4; lastKnownFileType = sourcecode.c.objc; name = NGRDemoDatePickerCell.m; path = Demo/NGRDemoDatePickerCell.m; sourceTree = "<group>"; };
		5E6D99CB1A539BA500161808 /* NGRDemoSwitchCell.h */ = {isa = PBXFileReference; fileEncoding = 4; lastKnownFileType = sourcecode.c.h; name = NGRDemoSwitchCell.h; path = Demo/NGRDemoSwitchCell.h; sourceTree = "<group>"; };
		5E6D99CC1A539BA500161808 /* NGRDemoSwitchCell.m */ = {isa = PBXFileReference; fileEncoding = 4; lastKnownFileType = sourcecode.c.objc; name = NGRDemoSwitchCell.m; path = Demo/NGRDemoSwitchCell.m; sourceTree = "<group>"; };
		5E8AFF671AD3484200FB73CD /* NGRValidator.pch */ = {isa = PBXFileReference; fileEncoding = 4; lastKnownFileType = sourcecode.c.h; path = NGRValidator.pch; sourceTree = "<group>"; };
		5E92F29D1A97E3CD00BDAEBC /* NGRValidationRuleSpec.m */ = {isa = PBXFileReference; fileEncoding = 4; lastKnownFileType = sourcecode.c.objc; path = NGRValidationRuleSpec.m; sourceTree = "<group>"; };
		5E9643221A53A2CA003E1773 /* NGRCalendarEvent.h */ = {isa = PBXFileReference; fileEncoding = 4; lastKnownFileType = sourcecode.c.h; name = NGRCalendarEvent.h; path = Demo/NGRCalendarEvent.h; sourceTree = "<group>"; };
		5E9643231A53A2CA003E1773 /* NGRCalendarEvent.m */ = {isa = PBXFileReference; fileEncoding = 4; lastKnownFileType = sourcecode.c.objc; name = NGRCalendarEvent.m; path = Demo/NGRCalendarEvent.m; sourceTree = "<group>"; };
		5EA4DF8E1A9296DA00C537F2 /* NGRValidator+ScenarioSpec.m */ = {isa = PBXFileReference; fileEncoding = 4; lastKnownFileType = sourcecode.c.objc; path = "NGRValidator+ScenarioSpec.m"; sourceTree = "<group>"; };
		5EA4DF901A9296F800C537F2 /* NGRValidatorSpec.m */ = {isa = PBXFileReference; fileEncoding = 4; lastKnownFileType = sourcecode.c.objc; path = NGRValidatorSpec.m; sourceTree = "<group>"; };
		5EC4860D1AD2F9DB001C7DBB /* NGRTestModel.h */ = {isa = PBXFileReference; fileEncoding = 4; lastKnownFileType = sourcecode.c.h; name = NGRTestModel.h; path = Helpers/NGRTestModel.h; sourceTree = "<group>"; };
		5EC4860E1AD2F9DB001C7DBB /* NGRTestModel.m */ = {isa = PBXFileReference; fileEncoding = 4; lastKnownFileType = sourcecode.c.objc; name = NGRTestModel.m; path = Helpers/NGRTestModel.m; sourceTree = "<group>"; };
		5ECAF8731A6311350011181C /* NGRSimpleDemoViewController.h */ = {isa = PBXFileReference; fileEncoding = 4; lastKnownFileType = sourcecode.c.h; name = NGRSimpleDemoViewController.h; path = Demo/NGRSimpleDemoViewController.h; sourceTree = "<group>"; };
		5ECAF8741A6311350011181C /* NGRSimpleDemoViewController.m */ = {isa = PBXFileReference; fileEncoding = 4; lastKnownFileType = sourcecode.c.objc; name = NGRSimpleDemoViewController.m; path = Demo/NGRSimpleDemoViewController.m; sourceTree = "<group>"; };
		5ECAF8771A6311490011181C /* NGRSimpleDemoView.h */ = {isa = PBXFileReference; fileEncoding = 4; lastKnownFileType = sourcecode.c.h; name = NGRSimpleDemoView.h; path = Demo/NGRSimpleDemoView.h; sourceTree = "<group>"; };
		5ECAF8781A6311490011181C /* NGRSimpleDemoView.m */ = {isa = PBXFileReference; fileEncoding = 4; lastKnownFileType = sourcecode.c.objc; name = NGRSimpleDemoView.m; path = Demo/NGRSimpleDemoView.m; sourceTree = "<group>"; };
		5ECAF87C1A6311BA0011181C /* NGRMediumDemoViewController.h */ = {isa = PBXFileReference; fileEncoding = 4; lastKnownFileType = sourcecode.c.h; name = NGRMediumDemoViewController.h; path = Demo/NGRMediumDemoViewController.h; sourceTree = "<group>"; };
		5ECAF87D1A6311BA0011181C /* NGRMediumDemoViewController.m */ = {isa = PBXFileReference; fileEncoding = 4; lastKnownFileType = sourcecode.c.objc; name = NGRMediumDemoViewController.m; path = Demo/NGRMediumDemoViewController.m; sourceTree = "<group>"; };
		5ECAF8801A6311D00011181C /* NGRMediumDemoView.h */ = {isa = PBXFileReference; fileEncoding = 4; lastKnownFileType = sourcecode.c.h; name = NGRMediumDemoView.h; path = Demo/NGRMediumDemoView.h; sourceTree = "<group>"; };
		5ECAF8811A6311D00011181C /* NGRMediumDemoView.m */ = {isa = PBXFileReference; fileEncoding = 4; lastKnownFileType = sourcecode.c.objc; name = NGRMediumDemoView.m; path = Demo/NGRMediumDemoView.m; sourceTree = "<group>"; };
		5ECAF8841A6319F70011181C /* NGRTextField.h */ = {isa = PBXFileReference; fileEncoding = 4; lastKnownFileType = sourcecode.c.h; name = NGRTextField.h; path = Demo/NGRTextField.h; sourceTree = "<group>"; };
		5ECAF8851A6319F70011181C /* NGRTextField.m */ = {isa = PBXFileReference; fileEncoding = 4; lastKnownFileType = sourcecode.c.objc; name = NGRTextField.m; path = Demo/NGRTextField.m; sourceTree = "<group>"; };
		5ECAF88B1A631EAC0011181C /* NGRUser.h */ = {isa = PBXFileReference; fileEncoding = 4; lastKnownFileType = sourcecode.c.h; name = NGRUser.h; path = Demo/NGRUser.h; sourceTree = "<group>"; };
		5ECAF88C1A631EAC0011181C /* NGRUser.m */ = {isa = PBXFileReference; fileEncoding = 4; lastKnownFileType = sourcecode.c.objc; name = NGRUser.m; path = Demo/NGRUser.m; sourceTree = "<group>"; };
		5ECAF8921A6343960011181C /* UIViewController+NGRDemo.h */ = {isa = PBXFileReference; fileEncoding = 4; lastKnownFileType = sourcecode.c.h; name = "UIViewController+NGRDemo.h"; path = "Demo/UIViewController+NGRDemo.h"; sourceTree = "<group>"; };
		5ECAF8931A6343960011181C /* UIViewController+NGRDemo.m */ = {isa = PBXFileReference; fileEncoding = 4; lastKnownFileType = sourcecode.c.objc; name = "UIViewController+NGRDemo.m"; path = "Demo/UIViewController+NGRDemo.m"; sourceTree = "<group>"; };
		5EEE70EC1AD318C5005D5042 /* NGRMessagesSpec.m */ = {isa = PBXFileReference; fileEncoding = 4; lastKnownFileType = sourcecode.c.objc; path = NGRMessagesSpec.m; sourceTree = "<group>"; };
		5EEF83BE1A8C08AD00847CE1 /* Unit-Tests-Prefix.pch */ = {isa = PBXFileReference; fileEncoding = 4; lastKnownFileType = sourcecode.c.h; lineEnding = 0; path = "Unit-Tests-Prefix.pch"; sourceTree = "<group>"; xcLanguageSpecificationIdentifier = xcode.lang.objc; };
		5EEF83BF1A8C0AA900847CE1 /* NGRPropertyValidatorSpec.m */ = {isa = PBXFileReference; fileEncoding = 4; lastKnownFileType = sourcecode.c.objc; path = NGRPropertyValidatorSpec.m; sourceTree = "<group>"; };
		5EF1C5FA1AD482D500CC9173 /* NGRPropertyValidator+SugarSyntax.h */ = {isa = PBXFileReference; fileEncoding = 4; lastKnownFileType = sourcecode.c.h; name = "NGRPropertyValidator+SugarSyntax.h"; path = "NGRValidator/Extensions/NGRPropertyValidator+SugarSyntax.h"; sourceTree = "<group>"; };
		5EF1C5FB1AD482D500CC9173 /* NGRPropertyValidator+SugarSyntax.m */ = {isa = PBXFileReference; fileEncoding = 4; lastKnownFileType = sourcecode.c.objc; name = "NGRPropertyValidator+SugarSyntax.m"; path = "NGRValidator/Extensions/NGRPropertyValidator+SugarSyntax.m"; sourceTree = "<group>"; };
		5EF1C5FD1AD4863200CC9173 /* NGRPropertyValidator+SugarSyntaxSpec.m */ = {isa = PBXFileReference; fileEncoding = 4; lastKnownFileType = sourcecode.c.objc; path = "NGRPropertyValidator+SugarSyntaxSpec.m"; sourceTree = "<group>"; };
		5EFC9C931B85EB5E00D9FEA7 /* NGRValidator+NSArraySpec.m */ = {isa = PBXFileReference; fileEncoding = 4; lastKnownFileType = sourcecode.c.objc; path = "NGRValidator+NSArraySpec.m"; sourceTree = "<group>"; };
		694413942B9120CB278F6871 /* libPods-NGRValidatorTests.a */ = {isa = PBXFileReference; explicitFileType = archive.ar; includeInIndex = 0; path = "libPods-NGRValidatorTests.a"; sourceTree = BUILT_PRODUCTS_DIR; };
		89C529EEA7D2F290421E1F80 /* Pods-NGRValidatorTests.debug.xcconfig */ = {isa = PBXFileReference; includeInIndex = 1; lastKnownFileType = text.xcconfig; name = "Pods-NGRValidatorTests.debug.xcconfig"; path = "Pods/Target Support Files/Pods-NGRValidatorTests/Pods-NGRValidatorTests.debug.xcconfig"; sourceTree = "<group>"; };
		FE66DA67A44D621453582AF9 /* Pods-NGRValidatorTests.release.xcconfig */ = {isa = PBXFileReference; includeInIndex = 1; lastKnownFileType = text.xcconfig; name = "Pods-NGRValidatorTests.release.xcconfig"; path = "Pods/Target Support Files/Pods-NGRValidatorTests/Pods-NGRValidatorTests.release.xcconfig"; sourceTree = "<group>"; };
/* End PBXFileReference section */

/* Begin PBXFrameworksBuildPhase section */
		5E5C09EC1A498164002D3E72 /* Frameworks */ = {
			isa = PBXFrameworksBuildPhase;
			buildActionMask = 2147483647;
			files = (
			);
			runOnlyForDeploymentPostprocessing = 0;
		};
		5E5C0A051A498164002D3E72 /* Frameworks */ = {
			isa = PBXFrameworksBuildPhase;
			buildActionMask = 2147483647;
			files = (
				DE7F815529AF01B08397162D /* libPods-NGRValidatorTests.a in Frameworks */,
			);
			runOnlyForDeploymentPostprocessing = 0;
		};
/* End PBXFrameworksBuildPhase section */

/* Begin PBXGroup section */
		2FE3165896E87102CEE34281 /* Frameworks */ = {
			isa = PBXGroup;
			children = (
				694413942B9120CB278F6871 /* libPods-NGRValidatorTests.a */,
			);
			name = Frameworks;
			sourceTree = "<group>";
		};
		5E0019551A49827E002ED961 /* Resources */ = {
			isa = PBXGroup;
			children = (
				5E5C09FC1A498164002D3E72 /* Main.storyboard */,
				5E5C09FF1A498164002D3E72 /* Images.xcassets */,
			);
			name = Resources;
			sourceTree = "<group>";
		};
		5E00195C1A498418002ED961 /* NGRValidator */ = {
			isa = PBXGroup;
			children = (
				5E62ACB51AD7414F001976CE /* Headers */,
				5E62ACAF1AD738BA001976CE /* NGRConstants.h */,
				5E62ACB01AD738BA001976CE /* NGRConstants.m */,
				5E0019591A498414002ED961 /* NGRValidator.h */,
				5E00195A1A498414002ED961 /* NGRValidator.m */,
				5E00195D1A49842B002ED961 /* NGRPropertyValidator.h */,
				5E00195E1A49842B002ED961 /* NGRPropertyValidator.m */,
				5E6D99BB1A53827000161808 /* NGRValidationRule.h */,
				5E6D99BC1A53827000161808 /* NGRValidationRule.m */,
				5E3530DC1A98BB5C006978A0 /* NGRMessages.h */,
				5E3530DD1A98BB5C006978A0 /* NGRMessages.m */,
				5E62ACA51AD72711001976CE /* NGRMessaging.h */,
				5E0019621A49849E002ED961 /* NGRPropertyValidator Extensions */,
				5E0019611A498497002ED961 /* Categories */,
			);
			name = NGRValidator;
			sourceTree = "<group>";
		};
		5E0019611A498497002ED961 /* Categories */ = {
			isa = PBXGroup;
			children = (
				5E00196F1A49851B002ED961 /* NSObject+NGRRuntime.h */,
				5E0019701A49851B002ED961 /* NSObject+NGRRuntime.m */,
				5E4A2BB31A5788CF00744E93 /* NSObject+NGRValidator.h */,
				5E4A2BB41A5788CF00744E93 /* NSObject+NGRValidator.m */,
				5E0019721A498531002ED961 /* NSArray+NGRValidator.h */,
				5E0019731A498531002ED961 /* NSArray+NGRValidator.m */,
				5E0019751A498542002ED961 /* NSString+NGRValidator.h */,
				5E0019761A498542002ED961 /* NSString+NGRValidator.m */,
				5E00197F1A499B5F002ED961 /* NSDate+NGRValidator.h */,
				5E0019801A499B5F002ED961 /* NSDate+NGRValidator.m */,
				5E62ACA91AD72F28001976CE /* NSError+NGRValidator.h */,
				5E62ACAA1AD72F28001976CE /* NSError+NGRValidator.m */,
			);
			name = Categories;
			sourceTree = "<group>";
		};
		5E0019621A49849E002ED961 /* NGRPropertyValidator Extensions */ = {
			isa = PBXGroup;
			children = (
				5E0019631A4984DA002ED961 /* NGRPropertyValidator+NSObject.h */,
				5E0019641A4984DA002ED961 /* NGRPropertyValidator+NSObject.m */,
				5E0019661A4984E7002ED961 /* NGRPropertyValidator+NSString.h */,
				5E0019671A4984E7002ED961 /* NGRPropertyValidator+NSString.m */,
				5E0019691A4984F4002ED961 /* NGRPropertyValidator+NSNumber.h */,
				5E00196A1A4984F4002ED961 /* NGRPropertyValidator+NSNumber.m */,
				5E00196C1A498502002ED961 /* NGRPropertyValidator+Syntax.h */,
				5E00196D1A498502002ED961 /* NGRPropertyValidator+Syntax.m */,
				5E0019851A49A82C002ED961 /* NGRPropertyValidator+NSDate.h */,
				5E0019861A49A82C002ED961 /* NGRPropertyValidator+NSDate.m */,
				5E26AD821B5E5DA70056F510 /* NGRPropertyValidator+NSArray.h */,
				5E26AD831B5E5DA70056F510 /* NGRPropertyValidator+NSArray.m */,
				5EF1C5FA1AD482D500CC9173 /* NGRPropertyValidator+SugarSyntax.h */,
				5EF1C5FB1AD482D500CC9173 /* NGRPropertyValidator+SugarSyntax.m */,
			);
			name = "NGRPropertyValidator Extensions";
			sourceTree = "<group>";
		};
		5E574B3D1ADFAF5B004E199C /* NGRPropertyValidator */ = {
			isa = PBXGroup;
			children = (
				5EEF83BF1A8C0AA900847CE1 /* NGRPropertyValidatorSpec.m */,
				5EF1C5FD1AD4863200CC9173 /* NGRPropertyValidator+SugarSyntaxSpec.m */,
			);
			name = NGRPropertyValidator;
			sourceTree = "<group>";
		};
		5E5C09E61A498164002D3E72 = {
			isa = PBXGroup;
			children = (
				5E5C09F11A498164002D3E72 /* NGRValidator */,
				5E5C0A0B1A498164002D3E72 /* NGRValidatorTests */,
				5E5C09F01A498164002D3E72 /* Products */,
				A6EA48BCBDCAB0C2609537C8 /* Pods */,
				2FE3165896E87102CEE34281 /* Frameworks */,
			);
			sourceTree = "<group>";
		};
		5E5C09F01A498164002D3E72 /* Products */ = {
			isa = PBXGroup;
			children = (
				5E5C09EF1A498164002D3E72 /* NGRValidator.app */,
				5E5C0A081A498164002D3E72 /* NGRValidatorTests.xctest */,
			);
			name = Products;
			sourceTree = "<group>";
		};
		5E5C09F11A498164002D3E72 /* NGRValidator */ = {
			isa = PBXGroup;
			children = (
				5E5C09F61A498164002D3E72 /* AppDelegate.h */,
				5E5C09F71A498164002D3E72 /* AppDelegate.m */,
				5E6D99C11A53959900161808 /* Demo */,
				5E00195C1A498418002ED961 /* NGRValidator */,
				5E0019551A49827E002ED961 /* Resources */,
				5E5C09F21A498164002D3E72 /* Supporting Files */,
			);
			path = NGRValidator;
			sourceTree = "<group>";
		};
		5E5C09F21A498164002D3E72 /* Supporting Files */ = {
			isa = PBXGroup;
			children = (
				5E5C09F31A498164002D3E72 /* Info.plist */,
				5E5C09F41A498164002D3E72 /* main.m */,
				5E8AFF671AD3484200FB73CD /* NGRValidator.pch */,
			);
			name = "Supporting Files";
			sourceTree = "<group>";
		};
		5E5C0A0B1A498164002D3E72 /* NGRValidatorTests */ = {
			isa = PBXGroup;
			children = (
				5E5C0A0C1A498164002D3E72 /* Supporting Files */,
				5EEF83C41A8C0C6C00847CE1 /* Helpers */,
				5E92F29D1A97E3CD00BDAEBC /* NGRValidationRuleSpec.m */,
				5EEE70EC1AD318C5005D5042 /* NGRMessagesSpec.m */,
				5E574B3D1ADFAF5B004E199C /* NGRPropertyValidator */,
				5E92F29F1A97EFF000BDAEBC /* NGRValidator */,
			);
			path = NGRValidatorTests;
			sourceTree = "<group>";
		};
		5E5C0A0C1A498164002D3E72 /* Supporting Files */ = {
			isa = PBXGroup;
			children = (
				5E5C0A0D1A498164002D3E72 /* Info.plist */,
				5EEF83BE1A8C08AD00847CE1 /* Unit-Tests-Prefix.pch */,
			);
			name = "Supporting Files";
			sourceTree = "<group>";
		};
		5E62ACB51AD7414F001976CE /* Headers */ = {
			isa = PBXGroup;
			children = (
				5E62ACB31AD73EAC001976CE /* NGRValidatorDeprecated.h */,
				5E62ACB41AD74069001976CE /* NGRValidatorShorthand.h */,
				5E62ACB61AD741B3001976CE /* NGRValidatorUmbrellaHeader.h */,
			);
			name = Headers;
			sourceTree = "<group>";
		};
		5E6D99C11A53959900161808 /* Demo */ = {
			isa = PBXGroup;
			children = (
				5ECAF88A1A631E480011181C /* Helpers */,
				5ECAF8761A63113A0011181C /* Simple */,
				5ECAF87F1A6311BD0011181C /* Medium */,
				5ECAF87B1A6311510011181C /* Complex */,
			);
			name = Demo;
			sourceTree = "<group>";
		};
		5E92F29F1A97EFF000BDAEBC /* NGRValidator */ = {
			isa = PBXGroup;
			children = (
				5EA4DF901A9296F800C537F2 /* NGRValidatorSpec.m */,
				5E2EBFB81A924ED300AFDBCD /* NGRValidator+NSStringSpec.m */,
				5E2EBFBA1A924F7000AFDBCD /* NGRValidator+NSNumberSpec.m */,
				5E2EBFBC1A92752A00AFDBCD /* NGRValidator+NSDateSpec.m */,
				5E2EBFBE1A92754400AFDBCD /* NGRValidator+SyntaxSpec.m */,
				5EFC9C931B85EB5E00D9FEA7 /* NGRValidator+NSArraySpec.m */,
				5EA4DF8E1A9296DA00C537F2 /* NGRValidator+ScenarioSpec.m */,
			);
			name = NGRValidator;
			sourceTree = "<group>";
		};
		5E9643251A53A2D0003E1773 /* Cells */ = {
			isa = PBXGroup;
			children = (
				5E6D99C51A53971900161808 /* NGRDemoTextFieldCell.h */,
				5E6D99C61A53971900161808 /* NGRDemoTextFieldCell.m */,
				5E6D99C81A539B9400161808 /* NGRDemoDatePickerCell.h */,
				5E6D99C91A539B9400161808 /* NGRDemoDatePickerCell.m */,
				5E6D99CB1A539BA500161808 /* NGRDemoSwitchCell.h */,
				5E6D99CC1A539BA500161808 /* NGRDemoSwitchCell.m */,
			);
			name = Cells;
			sourceTree = "<group>";
		};
		5E9643271A53A2DF003E1773 /* View */ = {
			isa = PBXGroup;
			children = (
				5E6D99C21A5395C600161808 /* NGRComplexDemoView.h */,
				5E6D99C31A5395C600161808 /* NGRComplexDemoView.m */,
			);
			name = View;
			sourceTree = "<group>";
		};
		5E9643281A53A2F4003E1773 /* Model */ = {
			isa = PBXGroup;
			children = (
				5E9643221A53A2CA003E1773 /* NGRCalendarEvent.h */,
				5E9643231A53A2CA003E1773 /* NGRCalendarEvent.m */,
			);
			name = Model;
			sourceTree = "<group>";
		};
		5ECAF8761A63113A0011181C /* Simple */ = {
			isa = PBXGroup;
			children = (
				5ECAF8871A631D720011181C /* Controller */,
			);
			name = Simple;
			sourceTree = "<group>";
		};
		5ECAF87A1A63114C0011181C /* View */ = {
			isa = PBXGroup;
			children = (
				5ECAF8771A6311490011181C /* NGRSimpleDemoView.h */,
				5ECAF8781A6311490011181C /* NGRSimpleDemoView.m */,
			);
			name = View;
			sourceTree = "<group>";
		};
		5ECAF87B1A6311510011181C /* Complex */ = {
			isa = PBXGroup;
			children = (
				5E9643281A53A2F4003E1773 /* Model */,
				5ECAF8891A631D860011181C /* Controller */,
			);
			name = Complex;
			sourceTree = "<group>";
		};
		5ECAF87F1A6311BD0011181C /* Medium */ = {
			isa = PBXGroup;
			children = (
				5ECAF88E1A631EB60011181C /* Model */,
				5ECAF8881A631D7C0011181C /* Controller */,
			);
			name = Medium;
			sourceTree = "<group>";
		};
		5ECAF8831A6311D30011181C /* View */ = {
			isa = PBXGroup;
			children = (
				5ECAF8801A6311D00011181C /* NGRMediumDemoView.h */,
				5ECAF8811A6311D00011181C /* NGRMediumDemoView.m */,
			);
			name = View;
			sourceTree = "<group>";
		};
		5ECAF8871A631D720011181C /* Controller */ = {
			isa = PBXGroup;
			children = (
				5ECAF8731A6311350011181C /* NGRSimpleDemoViewController.h */,
				5ECAF8741A6311350011181C /* NGRSimpleDemoViewController.m */,
				5ECAF87A1A63114C0011181C /* View */,
			);
			name = Controller;
			sourceTree = "<group>";
		};
		5ECAF8881A631D7C0011181C /* Controller */ = {
			isa = PBXGroup;
			children = (
				5ECAF87C1A6311BA0011181C /* NGRMediumDemoViewController.h */,
				5ECAF87D1A6311BA0011181C /* NGRMediumDemoViewController.m */,
				5ECAF8831A6311D30011181C /* View */,
			);
			name = Controller;
			sourceTree = "<group>";
		};
		5ECAF8891A631D860011181C /* Controller */ = {
			isa = PBXGroup;
			children = (
				5E6D99BE1A53959500161808 /* NGRComplexDemoViewController.h */,
				5E6D99BF1A53959500161808 /* NGRComplexDemoViewController.m */,
				5E9643251A53A2D0003E1773 /* Cells */,
				5E9643271A53A2DF003E1773 /* View */,
			);
			name = Controller;
			sourceTree = "<group>";
		};
		5ECAF88A1A631E480011181C /* Helpers */ = {
			isa = PBXGroup;
			children = (
				5ECAF8841A6319F70011181C /* NGRTextField.h */,
				5ECAF8851A6319F70011181C /* NGRTextField.m */,
				5ECAF8921A6343960011181C /* UIViewController+NGRDemo.h */,
				5ECAF8931A6343960011181C /* UIViewController+NGRDemo.m */,
			);
			name = Helpers;
			sourceTree = "<group>";
		};
		5ECAF88E1A631EB60011181C /* Model */ = {
			isa = PBXGroup;
			children = (
				5ECAF88B1A631EAC0011181C /* NGRUser.h */,
				5ECAF88C1A631EAC0011181C /* NGRUser.m */,
			);
			name = Model;
			sourceTree = "<group>";
		};
		5EEF83C41A8C0C6C00847CE1 /* Helpers */ = {
			isa = PBXGroup;
			children = (
				5E1E5D6C1A8D6A4800AE16A1 /* NGRValidatorBehavior.m */,
				5E1E5D6E1A8D6B6000AE16A1 /* NGRBehaviorKeys.h */,
				5E1E5D6F1A8D6B6000AE16A1 /* NGRBehaviorKeys.m */,
				5EC4860D1AD2F9DB001C7DBB /* NGRTestModel.h */,
				5EC4860E1AD2F9DB001C7DBB /* NGRTestModel.m */,
			);
			name = Helpers;
			sourceTree = "<group>";
		};
		A6EA48BCBDCAB0C2609537C8 /* Pods */ = {
			isa = PBXGroup;
			children = (
				89C529EEA7D2F290421E1F80 /* Pods-NGRValidatorTests.debug.xcconfig */,
				FE66DA67A44D621453582AF9 /* Pods-NGRValidatorTests.release.xcconfig */,
			);
			name = Pods;
			sourceTree = "<group>";
		};
/* End PBXGroup section */

/* Begin PBXNativeTarget section */
		5E5C09EE1A498164002D3E72 /* NGRValidator */ = {
			isa = PBXNativeTarget;
			buildConfigurationList = 5E5C0A121A498164002D3E72 /* Build configuration list for PBXNativeTarget "NGRValidator" */;
			buildPhases = (
				5E5C09EB1A498164002D3E72 /* Sources */,
				5E5C09EC1A498164002D3E72 /* Frameworks */,
				5E5C09ED1A498164002D3E72 /* Resources */,
			);
			buildRules = (
			);
			dependencies = (
			);
			name = NGRValidator;
			productName = NGRValidator;
			productReference = 5E5C09EF1A498164002D3E72 /* NGRValidator.app */;
			productType = "com.apple.product-type.application";
		};
		5E5C0A071A498164002D3E72 /* NGRValidatorTests */ = {
			isa = PBXNativeTarget;
			buildConfigurationList = 5E5C0A151A498164002D3E72 /* Build configuration list for PBXNativeTarget "NGRValidatorTests" */;
			buildPhases = (
				D6DF47A466456CB09596D933 /* Check Pods Manifest.lock */,
				5E5C0A041A498164002D3E72 /* Sources */,
				5E5C0A051A498164002D3E72 /* Frameworks */,
				5E5C0A061A498164002D3E72 /* Resources */,
				7010E1BDA69E61E05205767B /* Copy Pods Resources */,
				079AFF1B1C12124BFCB29E15 /* Embed Pods Frameworks */,
			);
			buildRules = (
			);
			dependencies = (
				5E5C0A0A1A498164002D3E72 /* PBXTargetDependency */,
			);
			name = NGRValidatorTests;
			productName = NGRValidatorTests;
			productReference = 5E5C0A081A498164002D3E72 /* NGRValidatorTests.xctest */;
			productType = "com.apple.product-type.bundle.unit-test";
		};
/* End PBXNativeTarget section */

/* Begin PBXProject section */
		5E5C09E71A498164002D3E72 /* Project object */ = {
			isa = PBXProject;
			attributes = {
				LastUpgradeCheck = 0610;
				TargetAttributes = {
					5E5C09EE1A498164002D3E72 = {
						CreatedOnToolsVersion = 6.1;
						DevelopmentTeam = SK8PDF7SG9;
					};
					5E5C0A071A498164002D3E72 = {
						CreatedOnToolsVersion = 6.1;
						TestTargetID = 5E5C09EE1A498164002D3E72;
					};
				};
			};
			buildConfigurationList = 5E5C09EA1A498164002D3E72 /* Build configuration list for PBXProject "NGRValidator" */;
			compatibilityVersion = "Xcode 3.2";
			developmentRegion = English;
			hasScannedForEncodings = 0;
			knownRegions = (
				en,
				Base,
			);
			mainGroup = 5E5C09E61A498164002D3E72;
			productRefGroup = 5E5C09F01A498164002D3E72 /* Products */;
			projectDirPath = "";
			projectRoot = "";
			targets = (
				5E5C09EE1A498164002D3E72 /* NGRValidator */,
				5E5C0A071A498164002D3E72 /* NGRValidatorTests */,
			);
		};
/* End PBXProject section */

/* Begin PBXResourcesBuildPhase section */
		5E5C09ED1A498164002D3E72 /* Resources */ = {
			isa = PBXResourcesBuildPhase;
			buildActionMask = 2147483647;
			files = (
				5E5C09FE1A498164002D3E72 /* Main.storyboard in Resources */,
				5E5C0A001A498164002D3E72 /* Images.xcassets in Resources */,
			);
			runOnlyForDeploymentPostprocessing = 0;
		};
		5E5C0A061A498164002D3E72 /* Resources */ = {
			isa = PBXResourcesBuildPhase;
			buildActionMask = 2147483647;
			files = (
			);
			runOnlyForDeploymentPostprocessing = 0;
		};
/* End PBXResourcesBuildPhase section */

/* Begin PBXShellScriptBuildPhase section */
		079AFF1B1C12124BFCB29E15 /* Embed Pods Frameworks */ = {
			isa = PBXShellScriptBuildPhase;
			buildActionMask = 2147483647;
			files = (
			);
			inputPaths = (
			);
			name = "Embed Pods Frameworks";
			outputPaths = (
			);
			runOnlyForDeploymentPostprocessing = 0;
			shellPath = /bin/sh;
			shellScript = "\"${SRCROOT}/Pods/Target Support Files/Pods-NGRValidatorTests/Pods-NGRValidatorTests-frameworks.sh\"\n";
			showEnvVarsInLog = 0;
		};
		7010E1BDA69E61E05205767B /* Copy Pods Resources */ = {
			isa = PBXShellScriptBuildPhase;
			buildActionMask = 2147483647;
			files = (
			);
			inputPaths = (
			);
			name = "Copy Pods Resources";
			outputPaths = (
			);
			runOnlyForDeploymentPostprocessing = 0;
			shellPath = /bin/sh;
			shellScript = "\"${SRCROOT}/Pods/Target Support Files/Pods-NGRValidatorTests/Pods-NGRValidatorTests-resources.sh\"\n";
			showEnvVarsInLog = 0;
		};
		D6DF47A466456CB09596D933 /* Check Pods Manifest.lock */ = {
			isa = PBXShellScriptBuildPhase;
			buildActionMask = 2147483647;
			files = (
			);
			inputPaths = (
			);
			name = "Check Pods Manifest.lock";
			outputPaths = (
			);
			runOnlyForDeploymentPostprocessing = 0;
			shellPath = /bin/sh;
			shellScript = "diff \"${PODS_ROOT}/../Podfile.lock\" \"${PODS_ROOT}/Manifest.lock\" > /dev/null\nif [[ $? != 0 ]] ; then\n    cat << EOM\nerror: The sandbox is not in sync with the Podfile.lock. Run 'pod install' or update your CocoaPods installation.\nEOM\n    exit 1\nfi\n";
			showEnvVarsInLog = 0;
		};
/* End PBXShellScriptBuildPhase section */

/* Begin PBXSourcesBuildPhase section */
		5E5C09EB1A498164002D3E72 /* Sources */ = {
			isa = PBXSourcesBuildPhase;
			buildActionMask = 2147483647;
			files = (
				5E6D99BD1A53827000161808 /* NGRValidationRule.m in Sources */,
				5E00196B1A4984F4002ED961 /* NGRPropertyValidator+NSNumber.m in Sources */,
				5E0019871A49A82C002ED961 /* NGRPropertyValidator+NSDate.m in Sources */,
				5E6D99CD1A539BA500161808 /* NGRDemoSwitchCell.m in Sources */,
				5E26AD841B5E5DA70056F510 /* NGRPropertyValidator+NSArray.m in Sources */,
				5E00196E1A498502002ED961 /* NGRPropertyValidator+Syntax.m in Sources */,
				5ECAF88D1A631EAC0011181C /* NGRUser.m in Sources */,
				5E0019651A4984DA002ED961 /* NGRPropertyValidator+NSObject.m in Sources */,
				5E00195B1A498414002ED961 /* NGRValidator.m in Sources */,
				5ECAF8861A6319F70011181C /* NGRTextField.m in Sources */,
				5E0019711A49851B002ED961 /* NSObject+NGRRuntime.m in Sources */,
				5ECAF8941A6343960011181C /* UIViewController+NGRDemo.m in Sources */,
				5E4A2BB51A5788CF00744E93 /* NSObject+NGRValidator.m in Sources */,
				5ECAF8821A6311D00011181C /* NGRMediumDemoView.m in Sources */,
				5E62ACB11AD738BA001976CE /* NGRConstants.m in Sources */,
				5E6D99C01A53959500161808 /* NGRComplexDemoViewController.m in Sources */,
				5E6D99C71A53971900161808 /* NGRDemoTextFieldCell.m in Sources */,
				5EF1C5FC1AD482D500CC9173 /* NGRPropertyValidator+SugarSyntax.m in Sources */,
				5E62ACAB1AD72F28001976CE /* NSError+NGRValidator.m in Sources */,
				5E00195F1A49842B002ED961 /* NGRPropertyValidator.m in Sources */,
				5ECAF8791A6311490011181C /* NGRSimpleDemoView.m in Sources */,
				5E9643241A53A2CA003E1773 /* NGRCalendarEvent.m in Sources */,
				5E0019771A498542002ED961 /* NSString+NGRValidator.m in Sources */,
				5E5C09F81A498164002D3E72 /* AppDelegate.m in Sources */,
				5E6D99CA1A539B9400161808 /* NGRDemoDatePickerCell.m in Sources */,
				5E0019741A498531002ED961 /* NSArray+NGRValidator.m in Sources */,
				5ECAF8751A6311350011181C /* NGRSimpleDemoViewController.m in Sources */,
				5E6D99C41A5395C600161808 /* NGRComplexDemoView.m in Sources */,
				5ECAF87E1A6311BA0011181C /* NGRMediumDemoViewController.m in Sources */,
				5E5C09F51A498164002D3E72 /* main.m in Sources */,
				5E3530DE1A98BB5C006978A0 /* NGRMessages.m in Sources */,
				5E0019681A4984E7002ED961 /* NGRPropertyValidator+NSString.m in Sources */,
				5E0019811A499B5F002ED961 /* NSDate+NGRValidator.m in Sources */,
			);
			runOnlyForDeploymentPostprocessing = 0;
		};
		5E5C0A041A498164002D3E72 /* Sources */ = {
			isa = PBXSourcesBuildPhase;
			buildActionMask = 2147483647;
			files = (
				5EFC9C941B85EB5E00D9FEA7 /* NGRValidator+NSArraySpec.m in Sources */,
				5EC4860F1AD2F9DB001C7DBB /* NGRTestModel.m in Sources */,
				5E1E5D701A8D6B6000AE16A1 /* NGRBehaviorKeys.m in Sources */,
				5EEE70ED1AD318C5005D5042 /* NGRMessagesSpec.m in Sources */,
				5E2EBFBF1A92754400AFDBCD /* NGRValidator+SyntaxSpec.m in Sources */,
				5EEF83C01A8C0AA900847CE1 /* NGRPropertyValidatorSpec.m in Sources */,
				5EF1C5FE1AD4863200CC9173 /* NGRPropertyValidator+SugarSyntaxSpec.m in Sources */,
				5EA4DF911A9296F800C537F2 /* NGRValidatorSpec.m in Sources */,
				5E2EBFBD1A92752A00AFDBCD /* NGRValidator+NSDateSpec.m in Sources */,
				5E92F29E1A97E3CD00BDAEBC /* NGRValidationRuleSpec.m in Sources */,
				5E1E5D6D1A8D6A4800AE16A1 /* NGRValidatorBehavior.m in Sources */,
				5E2EBFB91A924ED300AFDBCD /* NGRValidator+NSStringSpec.m in Sources */,
				5E2EBFBB1A924F7000AFDBCD /* NGRValidator+NSNumberSpec.m in Sources */,
				5EA4DF8F1A9296DA00C537F2 /* NGRValidator+ScenarioSpec.m in Sources */,
			);
			runOnlyForDeploymentPostprocessing = 0;
		};
/* End PBXSourcesBuildPhase section */

/* Begin PBXTargetDependency section */
		5E5C0A0A1A498164002D3E72 /* PBXTargetDependency */ = {
			isa = PBXTargetDependency;
			target = 5E5C09EE1A498164002D3E72 /* NGRValidator */;
			targetProxy = 5E5C0A091A498164002D3E72 /* PBXContainerItemProxy */;
		};
/* End PBXTargetDependency section */

/* Begin PBXVariantGroup section */
		5E5C09FC1A498164002D3E72 /* Main.storyboard */ = {
			isa = PBXVariantGroup;
			children = (
				5E5C09FD1A498164002D3E72 /* Base */,
			);
			name = Main.storyboard;
			sourceTree = "<group>";
		};
/* End PBXVariantGroup section */

/* Begin XCBuildConfiguration section */
		5E5C0A101A498164002D3E72 /* Debug */ = {
			isa = XCBuildConfiguration;
			buildSettings = {
				ALWAYS_SEARCH_USER_PATHS = NO;
				CLANG_CXX_LANGUAGE_STANDARD = "gnu++0x";
				CLANG_CXX_LIBRARY = "libc++";
				CLANG_ENABLE_MODULES = YES;
				CLANG_ENABLE_OBJC_ARC = YES;
				CLANG_WARN_BOOL_CONVERSION = YES;
				CLANG_WARN_CONSTANT_CONVERSION = YES;
				CLANG_WARN_DIRECT_OBJC_ISA_USAGE = YES_ERROR;
				CLANG_WARN_EMPTY_BODY = YES;
				CLANG_WARN_ENUM_CONVERSION = YES;
				CLANG_WARN_INT_CONVERSION = YES;
				CLANG_WARN_OBJC_ROOT_CLASS = YES_ERROR;
				CLANG_WARN_UNREACHABLE_CODE = YES;
				CLANG_WARN__DUPLICATE_METHOD_MATCH = YES;
				CODE_SIGN_IDENTITY = "iPhone Developer";
				"CODE_SIGN_IDENTITY[sdk=iphoneos*]" = "iPhone Developer";
				COPY_PHASE_STRIP = NO;
				ENABLE_STRICT_OBJC_MSGSEND = YES;
				GCC_C_LANGUAGE_STANDARD = gnu99;
				GCC_DYNAMIC_NO_PIC = NO;
				GCC_OPTIMIZATION_LEVEL = 0;
				GCC_PREPROCESSOR_DEFINITIONS = (
					"DEBUG=1",
					"$(inherited)",
				);
				GCC_SYMBOLS_PRIVATE_EXTERN = NO;
				GCC_WARN_64_TO_32_BIT_CONVERSION = YES;
				GCC_WARN_ABOUT_RETURN_TYPE = YES_ERROR;
				GCC_WARN_UNDECLARED_SELECTOR = YES;
				GCC_WARN_UNINITIALIZED_AUTOS = YES_AGGRESSIVE;
				GCC_WARN_UNUSED_FUNCTION = YES;
				GCC_WARN_UNUSED_VARIABLE = YES;
				IPHONEOS_DEPLOYMENT_TARGET = 8.1;
				MTL_ENABLE_DEBUG_INFO = YES;
				ONLY_ACTIVE_ARCH = YES;
				PROVISIONING_PROFILE = "d9593536-51c9-4458-8123-437080deb8d1";
				SDKROOT = iphoneos;
				TARGETED_DEVICE_FAMILY = "1,2";
			};
			name = Debug;
		};
		5E5C0A111A498164002D3E72 /* Release */ = {
			isa = XCBuildConfiguration;
			buildSettings = {
				ALWAYS_SEARCH_USER_PATHS = NO;
				CLANG_CXX_LANGUAGE_STANDARD = "gnu++0x";
				CLANG_CXX_LIBRARY = "libc++";
				CLANG_ENABLE_MODULES = YES;
				CLANG_ENABLE_OBJC_ARC = YES;
				CLANG_WARN_BOOL_CONVERSION = YES;
				CLANG_WARN_CONSTANT_CONVERSION = YES;
				CLANG_WARN_DIRECT_OBJC_ISA_USAGE = YES_ERROR;
				CLANG_WARN_EMPTY_BODY = YES;
				CLANG_WARN_ENUM_CONVERSION = YES;
				CLANG_WARN_INT_CONVERSION = YES;
				CLANG_WARN_OBJC_ROOT_CLASS = YES_ERROR;
				CLANG_WARN_UNREACHABLE_CODE = YES;
				CLANG_WARN__DUPLICATE_METHOD_MATCH = YES;
				CODE_SIGN_IDENTITY = "iPhone Distribution";
				"CODE_SIGN_IDENTITY[sdk=iphoneos*]" = "iPhone Distribution";
				COPY_PHASE_STRIP = YES;
				ENABLE_NS_ASSERTIONS = NO;
				ENABLE_STRICT_OBJC_MSGSEND = YES;
				GCC_C_LANGUAGE_STANDARD = gnu99;
				GCC_WARN_64_TO_32_BIT_CONVERSION = YES;
				GCC_WARN_ABOUT_RETURN_TYPE = YES_ERROR;
				GCC_WARN_UNDECLARED_SELECTOR = YES;
				GCC_WARN_UNINITIALIZED_AUTOS = YES_AGGRESSIVE;
				GCC_WARN_UNUSED_FUNCTION = YES;
				GCC_WARN_UNUSED_VARIABLE = YES;
				IPHONEOS_DEPLOYMENT_TARGET = 8.1;
				MTL_ENABLE_DEBUG_INFO = NO;
				PROVISIONING_PROFILE = "d9593536-51c9-4458-8123-437080deb8d1";
				SDKROOT = iphoneos;
				TARGETED_DEVICE_FAMILY = "1,2";
				VALIDATE_PRODUCT = YES;
			};
			name = Release;
		};
		5E5C0A131A498164002D3E72 /* Debug */ = {
			isa = XCBuildConfiguration;
			buildSettings = {
				ASSETCATALOG_COMPILER_APPICON_NAME = AppIcon;
				ASSETCATALOG_COMPILER_LAUNCHIMAGE_NAME = LaunchImage;
				CODE_SIGN_IDENTITY = "iPhone Developer";
				"CODE_SIGN_IDENTITY[sdk=iphoneos*]" = "iPhone Developer";
				GCC_PRECOMPILE_PREFIX_HEADER = YES;
				GCC_PREFIX_HEADER = NGRValidator/NGRValidator.pch;
				INFOPLIST_FILE = NGRValidator/Info.plist;
				IPHONEOS_DEPLOYMENT_TARGET = 8.0;
				LD_RUNPATH_SEARCH_PATHS = "$(inherited) @executable_path/Frameworks";
				PRODUCT_NAME = "$(TARGET_NAME)";
				PROVISIONING_PROFILE = "";
				TARGETED_DEVICE_FAMILY = 1;
			};
			name = Debug;
		};
		5E5C0A141A498164002D3E72 /* Release */ = {
			isa = XCBuildConfiguration;
			buildSettings = {
				ASSETCATALOG_COMPILER_APPICON_NAME = AppIcon;
				ASSETCATALOG_COMPILER_LAUNCHIMAGE_NAME = LaunchImage;
				CODE_SIGN_IDENTITY = "iPhone Developer";
				"CODE_SIGN_IDENTITY[sdk=iphoneos*]" = "iPhone Developer";
				GCC_PRECOMPILE_PREFIX_HEADER = YES;
				GCC_PREFIX_HEADER = NGRValidator/NGRValidator.pch;
				INFOPLIST_FILE = NGRValidator/Info.plist;
				IPHONEOS_DEPLOYMENT_TARGET = 8.0;
				LD_RUNPATH_SEARCH_PATHS = "$(inherited) @executable_path/Frameworks";
				PRODUCT_NAME = "$(TARGET_NAME)";
				PROVISIONING_PROFILE = "";
				TARGETED_DEVICE_FAMILY = 1;
			};
			name = Release;
		};
		5E5C0A161A498164002D3E72 /* Debug */ = {
			isa = XCBuildConfiguration;
			baseConfigurationReference = 89C529EEA7D2F290421E1F80 /* Pods-NGRValidatorTests.debug.xcconfig */;
			buildSettings = {
				BUNDLE_LOADER = "$(TEST_HOST)";
				FRAMEWORK_SEARCH_PATHS = (
					"$(SDKROOT)/Developer/Library/Frameworks",
					"$(inherited)",
				);
				GCC_PREFIX_HEADER = "NGRValidatorTests/Unit-Tests-Prefix.pch";
				GCC_PREPROCESSOR_DEFINITIONS = (
					"DEBUG=1",
					"$(inherited)",
				);
				INFOPLIST_FILE = NGRValidatorTests/Info.plist;
				LD_RUNPATH_SEARCH_PATHS = "$(inherited) @executable_path/Frameworks @loader_path/Frameworks";
				PRODUCT_NAME = "$(TARGET_NAME)";
				TEST_HOST = "$(BUILT_PRODUCTS_DIR)/NGRValidator.app/NGRValidator";
			};
			name = Debug;
		};
		5E5C0A171A498164002D3E72 /* Release */ = {
			isa = XCBuildConfiguration;
			baseConfigurationReference = FE66DA67A44D621453582AF9 /* Pods-NGRValidatorTests.release.xcconfig */;
			buildSettings = {
				BUNDLE_LOADER = "$(TEST_HOST)";
				FRAMEWORK_SEARCH_PATHS = (
					"$(SDKROOT)/Developer/Library/Frameworks",
					"$(inherited)",
				);
				GCC_PREFIX_HEADER = "NGRValidatorTests/Unit-Tests-Prefix.pch";
				INFOPLIST_FILE = NGRValidatorTests/Info.plist;
				LD_RUNPATH_SEARCH_PATHS = "$(inherited) @executable_path/Frameworks @loader_path/Frameworks";
				PRODUCT_NAME = "$(TARGET_NAME)";
				TEST_HOST = "$(BUILT_PRODUCTS_DIR)/NGRValidator.app/NGRValidator";
			};
			name = Release;
		};
/* End XCBuildConfiguration section */

/* Begin XCConfigurationList section */
		5E5C09EA1A498164002D3E72 /* Build configuration list for PBXProject "NGRValidator" */ = {
			isa = XCConfigurationList;
			buildConfigurations = (
				5E5C0A101A498164002D3E72 /* Debug */,
				5E5C0A111A498164002D3E72 /* Release */,
			);
			defaultConfigurationIsVisible = 0;
			defaultConfigurationName = Release;
		};
		5E5C0A121A498164002D3E72 /* Build configuration list for PBXNativeTarget "NGRValidator" */ = {
			isa = XCConfigurationList;
			buildConfigurations = (
				5E5C0A131A498164002D3E72 /* Debug */,
				5E5C0A141A498164002D3E72 /* Release */,
			);
			defaultConfigurationIsVisible = 0;
			defaultConfigurationName = Release;
		};
		5E5C0A151A498164002D3E72 /* Build configuration list for PBXNativeTarget "NGRValidatorTests" */ = {
			isa = XCConfigurationList;
			buildConfigurations = (
				5E5C0A161A498164002D3E72 /* Debug */,
				5E5C0A171A498164002D3E72 /* Release */,
			);
			defaultConfigurationIsVisible = 0;
			defaultConfigurationName = Release;
		};
/* End XCConfigurationList section */
	};
	rootObject = 5E5C09E71A498164002D3E72 /* Project object */;
}
